<?xml version="1.0" encoding="utf-8"?>
<Project ToolsVersion="4.0" xmlns="http://schemas.microsoft.com/developer/msbuild/2003">
  <ItemGroup>
    <Filter Include="Source Files">
      <UniqueIdentifier>{4FC737F1-C7A5-4376-A066-2A32D752A2FF}</UniqueIdentifier>
      <Extensions>cpp;c;cc;cxx;def;odl;idl;hpj;bat;asm;asmx</Extensions>
    </Filter>
    <Filter Include="Header Files">
      <UniqueIdentifier>{93995380-89BD-4b04-88EB-625FBE52EBFB}</UniqueIdentifier>
      <Extensions>h;hh;hpp;hxx;hm;inl;inc;xsd</Extensions>
    </Filter>
    <Filter Include="Resource Files">
      <UniqueIdentifier>{67DA6AB6-F800-4c08-8B7A-83BB121AAD01}</UniqueIdentifier>
      <Extensions>rc;ico;cur;bmp;dlg;rc2;rct;bin;rgs;gif;jpg;jpeg;jpe;resx;tiff;tif;png;wav;mfcribbon-ms</Extensions>
    </Filter>
    <Filter Include="Source Files\auto">
      <UniqueIdentifier>{22d3d7ed-cbc2-49e1-b516-b0049e61afa7}</UniqueIdentifier>
    </Filter>
  </ItemGroup>
  <ItemGroup>
    <ClInclude Include="..\..\auto.h">
      <Filter>Header Files</Filter>
    </ClInclude>
    <ClInclude Include="..\..\event-old.h">
      <Filter>Header Files</Filter>
    </ClInclude>
    <ClInclude Include="..\..\mtproto-client.h">
      <Filter>Header Files</Filter>
    </ClInclude>
    <ClInclude Include="..\..\mtproto-common.h">
      <Filter>Header Files</Filter>
    </ClInclude>
    <ClInclude Include="..\..\mtproto-utils.h">
      <Filter>Header Files</Filter>
    </ClInclude>
    <ClInclude Include="..\..\no-preview.h">
      <Filter>Header Files</Filter>
    </ClInclude>
    <ClInclude Include="..\..\queries.h">
      <Filter>Header Files</Filter>
    </ClInclude>
    <ClInclude Include="..\..\tgl.h">
      <Filter>Header Files</Filter>
    </ClInclude>
    <ClInclude Include="..\..\tgl-binlog.h">
      <Filter>Header Files</Filter>
    </ClInclude>
    <ClInclude Include="..\..\tgl-fetch.h">
      <Filter>Header Files</Filter>
    </ClInclude>
    <ClInclude Include="..\..\tgl-inner.h">
      <Filter>Header Files</Filter>
    </ClInclude>
    <ClInclude Include="..\..\tgl-layout.h">
      <Filter>Header Files</Filter>
    </ClInclude>
    <ClInclude Include="..\..\tgl-methods-in.h">
      <Filter>Header Files</Filter>
    </ClInclude>
    <ClInclude Include="..\..\tgl-net.h">
      <Filter>Header Files</Filter>
    </ClInclude>
    <ClInclude Include="..\..\tgl-net-inner.h">
      <Filter>Header Files</Filter>
    </ClInclude>
    <ClInclude Include="..\..\tgl-structures.h">
      <Filter>Header Files</Filter>
    </ClInclude>
    <ClInclude Include="..\..\tgl-timers.h">
      <Filter>Header Files</Filter>
    </ClInclude>
    <ClInclude Include="..\..\tg-mime-types.h">
      <Filter>Header Files</Filter>
    </ClInclude>
    <ClInclude Include="..\..\tools.h">
      <Filter>Header Files</Filter>
    </ClInclude>
    <ClInclude Include="..\..\tree.h">
      <Filter>Header Files</Filter>
    </ClInclude>
    <ClInclude Include="..\..\updates.h">
      <Filter>Header Files</Filter>
    </ClInclude>
  </ItemGroup>
  <ItemGroup>
    <ClCompile Include="..\..\binlog.c">
      <Filter>Source Files</Filter>
    </ClCompile>
    <ClCompile Include="..\..\mime-types.c">
      <Filter>Source Files</Filter>
    </ClCompile>
    <ClCompile Include="..\..\mtproto-client.c">
      <Filter>Source Files</Filter>
    </ClCompile>
    <ClCompile Include="..\..\mtproto-common.c">
      <Filter>Source Files</Filter>
    </ClCompile>
    <ClCompile Include="..\..\mtproto-utils.c">
      <Filter>Source Files</Filter>
    </ClCompile>
    <ClCompile Include="..\..\queries.c">
      <Filter>Source Files</Filter>
    </ClCompile>
    <ClCompile Include="..\..\structures.c">
      <Filter>Source Files</Filter>
    </ClCompile>
    <ClCompile Include="..\..\tgl.c">
      <Filter>Source Files</Filter>
    </ClCompile>
    <ClCompile Include="..\..\tgl-net.c">
      <Filter>Source Files</Filter>
    </ClCompile>
    <ClCompile Include="..\..\tgl-timers.c">
      <Filter>Source Files</Filter>
    </ClCompile>
    <ClCompile Include="..\..\tg-mime-types.c">
      <Filter>Source Files</Filter>
    </ClCompile>
    <ClCompile Include="..\..\tools.c">
      <Filter>Source Files</Filter>
    </ClCompile>
    <ClCompile Include="..\..\updates.c">
      <Filter>Source Files</Filter>
    </ClCompile>
    <ClCompile Include="..\..\auto\auto-autocomplete.c">
      <Filter>Source Files\auto</Filter>
    </ClCompile>
    <ClCompile Include="..\..\auto\auto-fetch.c">
      <Filter>Source Files\auto</Filter>
    </ClCompile>
    <ClCompile Include="..\..\auto\auto-fetch-ds.c">
      <Filter>Source Files\auto</Filter>
    </ClCompile>
    <ClCompile Include="..\..\auto\auto-free-ds.c">
      <Filter>Source Files\auto</Filter>
    </ClCompile>
    <ClCompile Include="..\..\auto\auto-print-ds.c">
      <Filter>Source Files\auto</Filter>
    </ClCompile>
    <ClCompile Include="..\..\auto\auto-skip.c">
      <Filter>Source Files\auto</Filter>
    </ClCompile>
    <ClCompile Include="..\..\auto\auto-store.c">
      <Filter>Source Files\auto</Filter>
    </ClCompile>
    <ClCompile Include="..\..\auto\auto-store-ds.c">
      <Filter>Source Files\auto</Filter>
    </ClCompile>
    <ClCompile Include="..\..\auto\auto-types.c">
      <Filter>Source Files\auto</Filter>
    </ClCompile>
  </ItemGroup>
</Project>