
Microsoft Visual Studio Solution File, Format Version 11.00
# Visual Studio 2010
Project("{8BC9CEB8-8B4A-11D0-8D11-00A0C91BC942}") = "NewAwaySys", "NewAwaySys.vcxproj", "{6A516E27-AC50-5374-756B-A1558DB2EFA9}"
EndProject
Global
	GlobalSection(SolutionConfigurationPlatforms) = preSolution
		Debug|Win32 = Debug|Win32
		Release|Win32 = Release|Win32
	EndGlobalSection
	GlobalSection(ProjectConfigurationPlatforms) = postSolution
		{6A516E27-AC50-5374-756B-A1558DB2EFA9}.Debug|Win32.ActiveCfg = Debug|Win32
		{6A516E27-AC50-5374-756B-A1558DB2EFA9}.Debug|Win32.Build.0 = Debug|Win32
		{6A516E27-AC50-5374-756B-A1558DB2EFA9}.Release|Win32.ActiveCfg = Release|Win32
		{6A516E27-AC50-5374-756B-A1558DB2EFA9}.Release|Win32.Build.0 = Release|Win32
	EndGlobalSection
	GlobalSection(SolutionProperties) = preSolution
		HideSolutionNode = FALSE
	EndGlobalSection
EndGlobal
