<?xml version="1.0" encoding="utf-8"?>
<Project ToolsVersion="4.0" xmlns="http://schemas.microsoft.com/developer/msbuild/2003">
  <ItemGroup>
    <Filter Include="Resource Files">
      <UniqueIdentifier>{d6176538-1c22-41e7-b82c-e4c9344fd47f}</UniqueIdentifier>
      <Extensions>ico;cur;bmp;dlg;rc2;rct;bin;rgs;gif;jpg;jpeg;jpe</Extensions>
    </Filter>
    <Filter Include="Header Files">
      <UniqueIdentifier>{87772876-2b10-44eb-a948-de3a36aa73a4}</UniqueIdentifier>
    </Filter>
    <Filter Include="Source Files">
      <UniqueIdentifier>{bbfa3038-7ce3-4eed-a147-91ba647d3b67}</UniqueIdentifier>
    </Filter>
  </ItemGroup>
  <ItemGroup>
    <ResourceCompile Include="res\resource.rc">
      <Filter>Resource Files</Filter>
    </ResourceCompile>
    <ResourceCompile Include="res\version.rc">
      <Filter>Resource Files</Filter>
    </ResourceCompile>
  </ItemGroup>
  <ItemGroup>
    <ClCompile Include="src\commonheaders.cpp">
      <Filter>Source Files</Filter>
    </ClCompile>
    <ClCompile Include="src\crypt_check.cpp">
      <Filter>Source Files</Filter>
    </ClCompile>
    <ClCompile Include="src\crypt_dll.cpp">
      <Filter>Source Files</Filter>
    </ClCompile>
    <ClCompile Include="src\crypt_icons.cpp">
      <Filter>Source Files</Filter>
    </ClCompile>
    <ClCompile Include="src\crypt_lists.cpp">
      <Filter>Source Files</Filter>
    </ClCompile>
    <ClCompile Include="src\crypt_misc.cpp">
      <Filter>Source Files</Filter>
    </ClCompile>
    <ClCompile Include="src\crypt_popups.cpp">
      <Filter>Source Files</Filter>
    </ClCompile>
    <ClCompile Include="src\dbevent.cpp">
      <Filter>Source Files</Filter>
    </ClCompile>
    <ClCompile Include="src\gettime.cpp">
      <Filter>Source Files</Filter>
    </ClCompile>
    <ClCompile Include="src\images.cpp">
      <Filter>Source Files</Filter>
    </ClCompile>
    <ClCompile Include="src\language.cpp">
      <Filter>Source Files</Filter>
    </ClCompile>
    <ClCompile Include="src\loadicons.cpp">
      <Filter>Source Files</Filter>
    </ClCompile>
    <ClCompile Include="src\loadlib.cpp">
      <Filter>Source Files</Filter>
    </ClCompile>
    <ClCompile Include="src\main.cpp">
      <Filter>Source Files</Filter>
    </ClCompile>
    <ClCompile Include="src\mmi.cpp">
      <Filter>Source Files</Filter>
    </ClCompile>
    <ClCompile Include="src\options.cpp">
      <Filter>Source Files</Filter>
    </ClCompile>
    <ClCompile Include="src\popupOptions.cpp">
      <Filter>Source Files</Filter>
    </ClCompile>
    <ClCompile Include="src\splitmsg.cpp">
      <Filter>Source Files</Filter>
    </ClCompile>
    <ClCompile Include="src\stdafx.cpp">
      <Filter>Source Files</Filter>
    </ClCompile>
    <ClCompile Include="src\svcs_clist.cpp">
      <Filter>Source Files</Filter>
    </ClCompile>
    <ClCompile Include="src\svcs_menu.cpp">
      <Filter>Source Files</Filter>
    </ClCompile>
    <ClCompile Include="src\svcs_proto.cpp">
      <Filter>Source Files</Filter>
    </ClCompile>
    <ClCompile Include="src\svcs_rsa.cpp">
      <Filter>Source Files</Filter>
    </ClCompile>
    <ClCompile Include="src\svcs_srmm.cpp">
      <Filter>Source Files</Filter>
    </ClCompile>
  </ItemGroup>
  <ItemGroup>
    <ClInclude Include="src\commonheaders.h">
      <Filter>Header Files</Filter>
    </ClInclude>
    <ClInclude Include="src\crypt.h">
      <Filter>Header Files</Filter>
    </ClInclude>
    <ClInclude Include="src\cryptopp.h">
      <Filter>Header Files</Filter>
    </ClInclude>
    <ClInclude Include="src\dbevent.h">
      <Filter>Header Files</Filter>
    </ClInclude>
    <ClInclude Include="src\gettime.h">
      <Filter>Header Files</Filter>
    </ClInclude>
    <ClInclude Include="src\images.h">
      <Filter>Header Files</Filter>
    </ClInclude>
    <ClInclude Include="src\language.h">
      <Filter>Header Files</Filter>
    </ClInclude>
    <ClInclude Include="src\loadicons.h">
      <Filter>Header Files</Filter>
    </ClInclude>
    <ClInclude Include="src\loadlib.h">
      <Filter>Header Files</Filter>
    </ClInclude>
    <ClInclude Include="src\mmi.h">
      <Filter>Header Files</Filter>
    </ClInclude>
    <ClInclude Include="src\options.h">
      <Filter>Header Files</Filter>
    </ClInclude>
    <ClInclude Include="src\popupOptions.h">
      <Filter>Header Files</Filter>
    </ClInclude>
    <ClInclude Include="src\resource.h">
      <Filter>Header Files</Filter>
    </ClInclude>
    <ClInclude Include="src\secureim.h">
      <Filter>Header Files</Filter>
    </ClInclude>
    <ClInclude Include="src\splitmsg.h">
      <Filter>Header Files</Filter>
    </ClInclude>
    <ClInclude Include="src\svcs_clist.h">
      <Filter>Header Files</Filter>
    </ClInclude>
    <ClInclude Include="src\svcs_menu.h">
      <Filter>Header Files</Filter>
    </ClInclude>
    <ClInclude Include="src\svcs_proto.h">
      <Filter>Header Files</Filter>
    </ClInclude>
    <ClInclude Include="src\svcs_rsa.h">
      <Filter>Header Files</Filter>
    </ClInclude>
    <ClInclude Include="src\svcs_srmm.h">
      <Filter>Header Files</Filter>
    </ClInclude>
    <ClInclude Include="src\version.h">
      <Filter>Header Files</Filter>
    </ClInclude>
  </ItemGroup>
</Project>