<?xml version="1.0" encoding="utf-8"?>
<Project ToolsVersion="4.0" xmlns="http://schemas.microsoft.com/developer/msbuild/2003">
  <Import Project="$(ProjectDir)..\..\build\vc.common\common.filters" />
  <ItemGroup>
    <ClCompile Include="src\bandctrl.cpp">
      <Filter>Source Files</Filter>
    </ClCompile>
    <ClCompile Include="src\bandctrlimpl.cpp">
      <Filter>Source Files</Filter>
    </ClCompile>
    <ClCompile Include="src\canvas.cpp">
      <Filter>Source Files</Filter>
    </ClCompile>
    <ClCompile Include="src\colbase_words.cpp">
      <Filter>Source Files</Filter>
    </ClCompile>
    <ClCompile Include="src\column.cpp">
      <Filter>Source Files</Filter>
    </ClCompile>
    <ClCompile Include="src\column_chatduration.cpp">
      <Filter>Source Files</Filter>
    </ClCompile>
    <ClCompile Include="src\column_events.cpp">
      <Filter>Source Files</Filter>
    </ClCompile>
    <ClCompile Include="src\column_group.cpp">
      <Filter>Source Files</Filter>
    </ClCompile>
    <ClCompile Include="src\column_inout.cpp">
      <Filter>Source Files</Filter>
    </ClCompile>
    <ClCompile Include="src\column_inoutgraph.cpp">
      <Filter>Source Files</Filter>
    </ClCompile>
    <ClCompile Include="src\column_nick.cpp">
      <Filter>Source Files</Filter>
    </ClCompile>
    <ClCompile Include="src\column_protocol.cpp">
      <Filter>Source Files</Filter>
    </ClCompile>
    <ClCompile Include="src\column_rank.cpp">
      <Filter>Source Files</Filter>
    </ClCompile>
    <ClCompile Include="src\column_split.cpp">
      <Filter>Source Files</Filter>
    </ClCompile>
    <ClCompile Include="src\column_splittimeline.cpp">
      <Filter>Source Files</Filter>
    </ClCompile>
    <ClCompile Include="src\column_timeline.cpp">
      <Filter>Source Files</Filter>
    </ClCompile>
    <ClCompile Include="src\column_wordcount.cpp">
      <Filter>Source Files</Filter>
    </ClCompile>
    <ClCompile Include="src\column_words.cpp">
      <Filter>Source Files</Filter>
    </ClCompile>
    <ClCompile Include="src\contact.cpp">
      <Filter>Source Files</Filter>
    </ClCompile>
    <ClCompile Include="src\dlgconfigure.cpp">
      <Filter>Source Files</Filter>
    </ClCompile>
    <ClCompile Include="src\dlgfilterwords.cpp">
      <Filter>Source Files</Filter>
    </ClCompile>
    <ClCompile Include="src\dlgoption.cpp">
      <Filter>Source Files</Filter>
    </ClCompile>
    <ClCompile Include="src\dlgoption_subbase.cpp">
      <Filter>Source Files</Filter>
    </ClCompile>
    <ClCompile Include="src\dlgoption_subcolumns.cpp">
      <Filter>Source Files</Filter>
    </ClCompile>
    <ClCompile Include="src\dlgoption_subexclude.cpp">
      <Filter>Source Files</Filter>
    </ClCompile>
    <ClCompile Include="src\dlgoption_subglobal.cpp">
      <Filter>Source Files</Filter>
    </ClCompile>
    <ClCompile Include="src\dlgoption_subinput.cpp">
      <Filter>Source Files</Filter>
    </ClCompile>
    <ClCompile Include="src\dlgoption_suboutput.cpp">
      <Filter>Source Files</Filter>
    </ClCompile>
    <ClCompile Include="src\iconlib.cpp">
      <Filter>Source Files</Filter>
    </ClCompile>
    <ClCompile Include="src\main.cpp">
      <Filter>Source Files</Filter>
    </ClCompile>
    <ClCompile Include="src\message.cpp">
      <Filter>Source Files</Filter>
    </ClCompile>
    <ClCompile Include="src\mirandacontact.cpp">
      <Filter>Source Files</Filter>
    </ClCompile>
    <ClCompile Include="src\mirandahistory.cpp">
      <Filter>Source Files</Filter>
    </ClCompile>
    <ClCompile Include="src\mirandasettings.cpp">
      <Filter>Source Files</Filter>
    </ClCompile>
    <ClCompile Include="src\mu_common.cpp">
      <Filter>Source Files</Filter>
    </ClCompile>
    <ClCompile Include="src\optionsctrl.cpp">
      <Filter>Source Files</Filter>
    </ClCompile>
    <ClCompile Include="src\optionsctrlimpl.cpp">
      <Filter>Source Files</Filter>
    </ClCompile>
    <ClCompile Include="src\optionsctrlimpl_button.cpp">
      <Filter>Source Files</Filter>
    </ClCompile>
    <ClCompile Include="src\optionsctrlimpl_check.cpp">
      <Filter>Source Files</Filter>
    </ClCompile>
    <ClCompile Include="src\optionsctrlimpl_color.cpp">
      <Filter>Source Files</Filter>
    </ClCompile>
    <ClCompile Include="src\optionsctrlimpl_combo.cpp">
      <Filter>Source Files</Filter>
    </ClCompile>
    <ClCompile Include="src\optionsctrlimpl_datetime.cpp">
      <Filter>Source Files</Filter>
    </ClCompile>
    <ClCompile Include="src\optionsctrlimpl_edit.cpp">
      <Filter>Source Files</Filter>
    </ClCompile>
    <ClCompile Include="src\optionsctrlimpl_group.cpp">
      <Filter>Source Files</Filter>
    </ClCompile>
    <ClCompile Include="src\optionsctrlimpl_item.cpp">
      <Filter>Source Files</Filter>
    </ClCompile>
    <ClCompile Include="src\optionsctrlimpl_radio.cpp">
      <Filter>Source Files</Filter>
    </ClCompile>
    <ClCompile Include="src\settings.cpp">
      <Filter>Source Files</Filter>
    </ClCompile>
    <ClCompile Include="src\settingsserializer.cpp">
      <Filter>Source Files</Filter>
    </ClCompile>
    <ClCompile Include="src\settingstree.cpp">
      <Filter>Source Files</Filter>
    </ClCompile>
    <ClCompile Include="src\statistic.cpp">
      <Filter>Source Files</Filter>
    </ClCompile>
    <ClCompile Include="src\stdafx.cxx">
      <Filter>Source Files</Filter>
    </ClCompile>
    <ClCompile Include="src\utils.cpp">
      <Filter>Source Files</Filter>
    </ClCompile>
    <ClCompile Include="src\_consts.cpp">
      <Filter>Source Files</Filter>
    </ClCompile>
  </ItemGroup>
  <ItemGroup>
    <ClInclude Include="src\bandctrl.h">
      <Filter>Header Files</Filter>
    </ClInclude>
    <ClInclude Include="src\bandctrldefs.h">
      <Filter>Header Files</Filter>
    </ClInclude>
    <ClInclude Include="src\bandctrlimpl.h">
      <Filter>Header Files</Filter>
    </ClInclude>
    <ClInclude Include="src\canvas.h">
      <Filter>Header Files</Filter>
    </ClInclude>
    <ClInclude Include="src\colbase_words.h">
      <Filter>Header Files</Filter>
    </ClInclude>
    <ClInclude Include="src\column.h">
      <Filter>Header Files</Filter>
    </ClInclude>
    <ClInclude Include="src\column_chatduration.h">
      <Filter>Header Files</Filter>
    </ClInclude>
    <ClInclude Include="src\column_events.h">
      <Filter>Header Files</Filter>
    </ClInclude>
    <ClInclude Include="src\column_group.h">
      <Filter>Header Files</Filter>
    </ClInclude>
    <ClInclude Include="src\column_inout.h">
      <Filter>Header Files</Filter>
    </ClInclude>
    <ClInclude Include="src\column_inoutgraph.h">
      <Filter>Header Files</Filter>
    </ClInclude>
    <ClInclude Include="src\column_nick.h">
      <Filter>Header Files</Filter>
    </ClInclude>
    <ClInclude Include="src\column_protocol.h">
      <Filter>Header Files</Filter>
    </ClInclude>
    <ClInclude Include="src\column_rank.h">
      <Filter>Header Files</Filter>
    </ClInclude>
    <ClInclude Include="src\column_split.h">
      <Filter>Header Files</Filter>
    </ClInclude>
    <ClInclude Include="src\column_splittimeline.h">
      <Filter>Header Files</Filter>
    </ClInclude>
    <ClInclude Include="src\column_timeline.h">
      <Filter>Header Files</Filter>
    </ClInclude>
    <ClInclude Include="src\column_wordcount.h">
      <Filter>Header Files</Filter>
    </ClInclude>
    <ClInclude Include="src\column_words.h">
      <Filter>Header Files</Filter>
    </ClInclude>
    <ClInclude Include="src\contact.h">
      <Filter>Header Files</Filter>
    </ClInclude>
    <ClInclude Include="src\dlgconfigure.h">
      <Filter>Header Files</Filter>
    </ClInclude>
    <ClInclude Include="src\dlgfilterwords.h">
      <Filter>Header Files</Filter>
    </ClInclude>
    <ClInclude Include="src\dlgoption.h">
      <Filter>Header Files</Filter>
    </ClInclude>
    <ClInclude Include="src\iconlib.h">
      <Filter>Header Files</Filter>
    </ClInclude>
    <ClInclude Include="src\inout.h">
      <Filter>Header Files</Filter>
    </ClInclude>
    <ClInclude Include="src\main.h">
      <Filter>Header Files</Filter>
    </ClInclude>
    <ClInclude Include="src\message.h">
      <Filter>Header Files</Filter>
    </ClInclude>
    <ClInclude Include="src\mirandacontact.h">
      <Filter>Header Files</Filter>
    </ClInclude>
    <ClInclude Include="src\mirandahistory.h">
      <Filter>Header Files</Filter>
    </ClInclude>
    <ClInclude Include="src\mirandasettings.h">
      <Filter>Header Files</Filter>
    </ClInclude>
    <ClInclude Include="src\mu_common.h">
      <Filter>Header Files</Filter>
    </ClInclude>
    <ClInclude Include="src\optionsctrl.h">
      <Filter>Header Files</Filter>
    </ClInclude>
    <ClInclude Include="src\optionsctrldefs.h">
      <Filter>Header Files</Filter>
    </ClInclude>
    <ClInclude Include="src\optionsctrlimpl.h">
      <Filter>Header Files</Filter>
    </ClInclude>
    <ClInclude Include="src\resource.h">
      <Filter>Header Files</Filter>
    </ClInclude>
    <ClInclude Include="src\settings.h">
      <Filter>Header Files</Filter>
    </ClInclude>
    <ClInclude Include="src\settingsserializer.h">
      <Filter>Header Files</Filter>
    </ClInclude>
    <ClInclude Include="src\settingstree.h">
      <Filter>Header Files</Filter>
    </ClInclude>
    <ClInclude Include="src\statistic.h">
      <Filter>Header Files</Filter>
    </ClInclude>
    <ClInclude Include="src\stdafx.h">
      <Filter>Header Files</Filter>
    </ClInclude>
    <ClInclude Include="src\utf8buffer.h">
      <Filter>Header Files</Filter>
    </ClInclude>
    <ClInclude Include="src\utils.h">
      <Filter>Header Files</Filter>
    </ClInclude>
    <ClInclude Include="src\version.h">
      <Filter>Header Files</Filter>
    </ClInclude>
    <ClInclude Include="src\_consts.h">
      <Filter>Header Files</Filter>
    </ClInclude>
    <ClInclude Include="src\_format.h">
      <Filter>Header Files</Filter>
    </ClInclude>
    <ClInclude Include="src\_langext.h">
      <Filter>Header Files</Filter>
    </ClInclude>
    <ClInclude Include="src\_strfunc.h">
      <Filter>Header Files</Filter>
    </ClInclude>
  </ItemGroup>
  <ItemGroup>
    <ResourceCompile Include="res\resource.rc">
      <Filter>Resource Files</Filter>
    </ResourceCompile>
    <ResourceCompile Include="res\version.rc">
      <Filter>Resource Files</Filter>
    </ResourceCompile>
  </ItemGroup>
</Project>