Microsoft Visual Studio Solution File, Format Version 9.00
# Visual C++ Express 2005
Project("{8BC9CEB8-8B4A-11D0-8D11-00A0C91BC942}") = "Weather", "weather_8.vcproj", "{6BFE3E13-BD5D-4C1C-BB29-A82FB51A16CE}"
EndProject
Project("{8BC9CEB8-8B4A-11D0-8D11-00A0C91BC942}") = "proto_weather", "proto_weather\proto_weather_8.vcproj", "{B2F4BA6C-1BD6-4A50-A706-DCBC6A5D439B}"
EndProject
Global
	GlobalSection(SolutionConfigurationPlatforms) = preSolution
		Debug|Win32 = Debug|Win32
		Release|Win32 = Release|Win32
	EndGlobalSection
	GlobalSection(ProjectConfigurationPlatforms) = postSolution
		{6BFE3E13-BD5D-4C1C-BB29-A82FB51A16CE}.Debug|Win32.ActiveCfg = Debug|Win32
		{6BFE3E13-BD5D-4C1C-BB29-A82FB51A16CE}.Debug|Win32.Build.0 = Debug|Win32
		{6BFE3E13-BD5D-4C1C-BB29-A82FB51A16CE}.Release|Win32.ActiveCfg = Release|Win32
		{6BFE3E13-BD5D-4C1C-BB29-A82FB51A16CE}.Release|Win32.Build.0 = Release|Win32
		{B2F4BA6C-1BD6-4A50-A706-DCBC6A5D439B}.Debug|Win32.ActiveCfg = Debug|Win32
		{B2F4BA6C-1BD6-4A50-A706-DCBC6A5D439B}.Debug|Win32.Build.0 = Debug|Win32
		{B2F4BA6C-1BD6-4A50-A706-DCBC6A5D439B}.Release|Win32.ActiveCfg = Release|Win32
		{B2F4BA6C-1BD6-4A50-A706-DCBC6A5D439B}.Release|Win32.Build.0 = Release|Win32
	EndGlobalSection
	GlobalSection(SolutionProperties) = preSolution
		HideSolutionNode = FALSE
	EndGlobalSection
EndGlobal
