<?xml version="1.0" encoding="utf-8"?>
<Project ToolsVersion="4.0" xmlns="http://schemas.microsoft.com/developer/msbuild/2003">
  <Import Project="$(ProjectDir)..\..\build\vc.common\common.filters" />
  <ItemGroup>
    <ClCompile Include="src\altsvc.c">
      <Filter>Source Files</Filter>
    </ClCompile>
    <ClCompile Include="src\amigaos.c">
      <Filter>Source Files</Filter>
    </ClCompile>
    <ClCompile Include="src\asyn-ares.c">
      <Filter>Source Files</Filter>
    </ClCompile>
    <ClCompile Include="src\asyn-thread.c">
      <Filter>Source Files</Filter>
    </ClCompile>
    <ClCompile Include="src\base64.c">
      <Filter>Source Files</Filter>
    </ClCompile>
    <ClCompile Include="src\bufref.c">
      <Filter>Source Files</Filter>
    </ClCompile>
    <ClCompile Include="src\c-hyper.c">
      <Filter>Source Files</Filter>
    </ClCompile>
    <ClCompile Include="src\conncache.c">
      <Filter>Source Files</Filter>
    </ClCompile>
    <ClCompile Include="src\connect.c">
      <Filter>Source Files</Filter>
    </ClCompile>
    <ClCompile Include="src\content_encoding.c">
      <Filter>Source Files</Filter>
    </ClCompile>
    <ClCompile Include="src\cookie.c">
      <Filter>Source Files</Filter>
    </ClCompile>
    <ClCompile Include="src\curl_addrinfo.c">
      <Filter>Source Files</Filter>
    </ClCompile>
    <ClCompile Include="src\curl_ctype.c">
      <Filter>Source Files</Filter>
    </ClCompile>
    <ClCompile Include="src\curl_des.c">
      <Filter>Source Files</Filter>
    </ClCompile>
    <ClCompile Include="src\curl_endian.c">
      <Filter>Source Files</Filter>
    </ClCompile>
    <ClCompile Include="src\curl_fnmatch.c">
      <Filter>Source Files</Filter>
    </ClCompile>
    <ClCompile Include="src\curl_gethostname.c">
      <Filter>Source Files</Filter>
    </ClCompile>
    <ClCompile Include="src\curl_get_line.c">
      <Filter>Source Files</Filter>
    </ClCompile>
    <ClCompile Include="src\curl_gssapi.c">
      <Filter>Source Files</Filter>
    </ClCompile>
    <ClCompile Include="src\curl_memrchr.c">
      <Filter>Source Files</Filter>
    </ClCompile>
    <ClCompile Include="src\curl_multibyte.c">
      <Filter>Source Files</Filter>
    </ClCompile>
    <ClCompile Include="src\curl_ntlm_core.c">
      <Filter>Source Files</Filter>
    </ClCompile>
    <ClCompile Include="src\curl_ntlm_wb.c">
      <Filter>Source Files</Filter>
    </ClCompile>
    <ClCompile Include="src\curl_path.c">
      <Filter>Source Files</Filter>
    </ClCompile>
    <ClCompile Include="src\curl_range.c">
      <Filter>Source Files</Filter>
    </ClCompile>
    <ClCompile Include="src\curl_rtmp.c">
      <Filter>Source Files</Filter>
    </ClCompile>
    <ClCompile Include="src\curl_sasl.c">
      <Filter>Source Files</Filter>
    </ClCompile>
    <ClCompile Include="src\curl_sspi.c">
      <Filter>Source Files</Filter>
    </ClCompile>
    <ClCompile Include="src\curl_threads.c">
      <Filter>Source Files</Filter>
    </ClCompile>
    <ClCompile Include="src\dict.c">
      <Filter>Source Files</Filter>
    </ClCompile>
    <ClCompile Include="src\doh.c">
      <Filter>Source Files</Filter>
    </ClCompile>
    <ClCompile Include="src\dotdot.c">
      <Filter>Source Files</Filter>
    </ClCompile>
    <ClCompile Include="src\easy.c">
      <Filter>Source Files</Filter>
    </ClCompile>
    <ClCompile Include="src\easygetopt.c">
      <Filter>Source Files</Filter>
    </ClCompile>
    <ClCompile Include="src\easyoptions.c">
      <Filter>Source Files</Filter>
    </ClCompile>
    <ClCompile Include="src\escape.c">
      <Filter>Source Files</Filter>
    </ClCompile>
    <ClCompile Include="src\file.c">
      <Filter>Source Files</Filter>
    </ClCompile>
    <ClCompile Include="src\fileinfo.c">
      <Filter>Source Files</Filter>
    </ClCompile>
    <ClCompile Include="src\fopen.c">
      <Filter>Source Files</Filter>
    </ClCompile>
    <ClCompile Include="src\formdata.c">
      <Filter>Source Files</Filter>
    </ClCompile>
    <ClCompile Include="src\ftp.c">
      <Filter>Source Files</Filter>
    </ClCompile>
    <ClCompile Include="src\ftplistparser.c">
      <Filter>Source Files</Filter>
    </ClCompile>
    <ClCompile Include="src\getenv.c">
      <Filter>Source Files</Filter>
    </ClCompile>
    <ClCompile Include="src\getinfo.c">
      <Filter>Source Files</Filter>
    </ClCompile>
    <ClCompile Include="src\gopher.c">
      <Filter>Source Files</Filter>
    </ClCompile>
    <ClCompile Include="src\h2h3.c">
      <Filter>Source Files</Filter>
    </ClCompile>
    <ClCompile Include="src\hash.c">
      <Filter>Source Files</Filter>
    </ClCompile>
    <ClCompile Include="src\headers.c">
      <Filter>Source Files</Filter>
    </ClCompile>
    <ClCompile Include="src\hmac.c">
      <Filter>Source Files</Filter>
    </ClCompile>
    <ClCompile Include="src\hostasyn.c">
      <Filter>Source Files</Filter>
    </ClCompile>
    <ClCompile Include="src\hostip.c">
      <Filter>Source Files</Filter>
    </ClCompile>
    <ClCompile Include="src\hostip4.c">
      <Filter>Source Files</Filter>
    </ClCompile>
    <ClCompile Include="src\hostip6.c">
      <Filter>Source Files</Filter>
    </ClCompile>
    <ClCompile Include="src\hostsyn.c">
      <Filter>Source Files</Filter>
    </ClCompile>
    <ClCompile Include="src\hsts.c">
      <Filter>Source Files</Filter>
    </ClCompile>
    <ClCompile Include="src\http_aws_sigv4.c">
      <Filter>Source Files</Filter>
    </ClCompile>
    <ClCompile Include="src\http.c">
      <Filter>Source Files</Filter>
    </ClCompile>
    <ClCompile Include="src\http2.c">
      <Filter>Source Files</Filter>
    </ClCompile>
    <ClCompile Include="src\http_chunks.c">
      <Filter>Source Files</Filter>
    </ClCompile>
    <ClCompile Include="src\http_digest.c">
      <Filter>Source Files</Filter>
    </ClCompile>
    <ClCompile Include="src\http_negotiate.c">
      <Filter>Source Files</Filter>
    </ClCompile>
    <ClCompile Include="src\http_ntlm.c">
      <Filter>Source Files</Filter>
    </ClCompile>
    <ClCompile Include="src\http_proxy.c">
      <Filter>Source Files</Filter>
    </ClCompile>
    <ClCompile Include="src\idn_win32.c">
      <Filter>Source Files</Filter>
    </ClCompile>
    <ClCompile Include="src\if2ip.c">
      <Filter>Source Files</Filter>
    </ClCompile>
    <ClCompile Include="src\imap.c">
      <Filter>Source Files</Filter>
    </ClCompile>
    <ClCompile Include="src\inet_ntop.c">
      <Filter>Source Files</Filter>
    </ClCompile>
    <ClCompile Include="src\inet_pton.c">
      <Filter>Source Files</Filter>
    </ClCompile>
    <ClCompile Include="src\krb5.c">
      <Filter>Source Files</Filter>
    </ClCompile>
    <ClCompile Include="src\ldap.c">
      <Filter>Source Files</Filter>
    </ClCompile>
    <ClCompile Include="src\llist.c">
      <Filter>Source Files</Filter>
    </ClCompile>
    <ClCompile Include="src\md4.c">
      <Filter>Source Files</Filter>
    </ClCompile>
    <ClCompile Include="src\md5.c">
      <Filter>Source Files</Filter>
    </ClCompile>
    <ClCompile Include="src\memdebug.c">
      <Filter>Source Files</Filter>
    </ClCompile>
    <ClCompile Include="src\mime.c">
      <Filter>Source Files</Filter>
    </ClCompile>
    <ClCompile Include="src\mprintf.c">
      <Filter>Source Files</Filter>
    </ClCompile>
    <ClCompile Include="src\mqtt.c">
      <Filter>Source Files</Filter>
    </ClCompile>
    <ClCompile Include="src\multi.c">
      <Filter>Source Files</Filter>
    </ClCompile>
    <ClCompile Include="src\netrc.c">
      <Filter>Source Files</Filter>
    </ClCompile>
    <ClCompile Include="src\nonblock.c">
      <Filter>Source Files</Filter>
    </ClCompile>
    <ClCompile Include="src\openldap.c">
      <Filter>Source Files</Filter>
    </ClCompile>
    <ClCompile Include="src\parsedate.c">
      <Filter>Source Files</Filter>
    </ClCompile>
    <ClCompile Include="src\pingpong.c">
      <Filter>Source Files</Filter>
    </ClCompile>
    <ClCompile Include="src\pop3.c">
      <Filter>Source Files</Filter>
    </ClCompile>
    <ClCompile Include="src\progress.c">
      <Filter>Source Files</Filter>
    </ClCompile>
    <ClCompile Include="src\psl.c">
      <Filter>Source Files</Filter>
    </ClCompile>
    <ClCompile Include="src\rand.c">
      <Filter>Source Files</Filter>
    </ClCompile>
    <ClCompile Include="src\rename.c">
      <Filter>Source Files</Filter>
    </ClCompile>
    <ClCompile Include="src\rtsp.c">
      <Filter>Source Files</Filter>
    </ClCompile>
    <ClCompile Include="src\select.c">
      <Filter>Source Files</Filter>
    </ClCompile>
    <ClCompile Include="src\sendf.c">
      <Filter>Source Files</Filter>
    </ClCompile>
    <ClCompile Include="src\setopt.c">
      <Filter>Source Files</Filter>
    </ClCompile>
    <ClCompile Include="src\sha256.c">
      <Filter>Source Files</Filter>
    </ClCompile>
    <ClCompile Include="src\share.c">
      <Filter>Source Files</Filter>
    </ClCompile>
    <ClCompile Include="src\slist.c">
      <Filter>Source Files</Filter>
    </ClCompile>
    <ClCompile Include="src\smb.c">
      <Filter>Source Files</Filter>
    </ClCompile>
    <ClCompile Include="src\smtp.c">
      <Filter>Source Files</Filter>
    </ClCompile>
    <ClCompile Include="src\socketpair.c">
      <Filter>Source Files</Filter>
    </ClCompile>
    <ClCompile Include="src\socks.c">
      <Filter>Source Files</Filter>
    </ClCompile>
    <ClCompile Include="src\socks_gssapi.c">
      <Filter>Source Files</Filter>
    </ClCompile>
    <ClCompile Include="src\socks_sspi.c">
      <Filter>Source Files</Filter>
    </ClCompile>
    <ClCompile Include="src\speedcheck.c">
      <Filter>Source Files</Filter>
    </ClCompile>
    <ClCompile Include="src\splay.c">
      <Filter>Source Files</Filter>
    </ClCompile>
    <ClCompile Include="src\timediff.c">
      <Filter>Source Files</Filter>
    </ClCompile>
    <ClCompile Include="src\version_win32.c">
      <Filter>Source Files</Filter>
    </ClCompile>
    <ClCompile Include="src\vauth\cleartext.c">
      <Filter>Source Files</Filter>
    </ClCompile>
    <ClCompile Include="src\vauth\cram.c">
      <Filter>Source Files</Filter>
    </ClCompile>
    <ClCompile Include="src\vauth\digest.c">
      <Filter>Source Files</Filter>
    </ClCompile>
    <ClCompile Include="src\vauth\digest_sspi.c">
      <Filter>Source Files</Filter>
    </ClCompile>
    <ClCompile Include="src\vauth\krb5_gssapi.c">
      <Filter>Source Files</Filter>
    </ClCompile>
    <ClCompile Include="src\vauth\krb5_sspi.c">
      <Filter>Source Files</Filter>
    </ClCompile>
    <ClCompile Include="src\vauth\ntlm.c">
      <Filter>Source Files</Filter>
    </ClCompile>
    <ClCompile Include="src\vauth\ntlm_sspi.c">
      <Filter>Source Files</Filter>
    </ClCompile>
    <ClCompile Include="src\vauth\oauth2.c">
      <Filter>Source Files</Filter>
    </ClCompile>
    <ClCompile Include="src\vauth\spnego_gssapi.c">
      <Filter>Source Files</Filter>
    </ClCompile>
    <ClCompile Include="src\vauth\spnego_sspi.c">
      <Filter>Source Files</Filter>
    </ClCompile>
    <ClCompile Include="src\vauth\vauth.c">
      <Filter>Source Files</Filter>
    </ClCompile>
    <ClCompile Include="src\vssh\libssh.c">
      <Filter>Source Files</Filter>
    </ClCompile>
    <ClCompile Include="src\vssh\libssh2.c">
      <Filter>Source Files</Filter>
    </ClCompile>
    <ClCompile Include="src\vssh\wolfssh.c">
      <Filter>Source Files</Filter>
    </ClCompile>
    <ClCompile Include="src\vtls\bearssl.c">
      <Filter>Source Files</Filter>
    </ClCompile>
    <ClCompile Include="src\vtls\gskit.c">
      <Filter>Source Files</Filter>
    </ClCompile>
    <ClCompile Include="src\vtls\gtls.c">
      <Filter>Source Files</Filter>
    </ClCompile>
    <ClCompile Include="src\vtls\hostcheck.c">
      <Filter>Source Files</Filter>
    </ClCompile>
    <ClCompile Include="src\vtls\mbedtls.c">
      <Filter>Source Files</Filter>
    </ClCompile>
    <ClCompile Include="src\vtls\mbedtls_threadlock.c">
      <Filter>Source Files</Filter>
    </ClCompile>
    <ClCompile Include="src\vtls\nss.c">
      <Filter>Source Files</Filter>
    </ClCompile>
    <ClCompile Include="src\vtls\openssl.c">
      <Filter>Source Files</Filter>
    </ClCompile>
    <ClCompile Include="src\vtls\schannel.c">
      <Filter>Source Files</Filter>
    </ClCompile>
    <ClCompile Include="src\vtls\schannel_verify.c">
      <Filter>Source Files</Filter>
    </ClCompile>
    <ClCompile Include="src\vtls\sectransp.c">
      <Filter>Source Files</Filter>
    </ClCompile>
    <ClCompile Include="src\vtls\vtls.c">
      <Filter>Source Files</Filter>
    </ClCompile>
    <ClCompile Include="src\vtls\wolfssl.c">
      <Filter>Source Files</Filter>
    </ClCompile>
    <ClCompile Include="src\vtls\x509asn1.c">
      <Filter>Source Files</Filter>
    </ClCompile>
    <ClCompile Include="src\warnless.c">
      <Filter>Source Files</Filter>
    </ClCompile>
    <ClCompile Include="src\wildcard.c">
      <Filter>Source Files</Filter>
    </ClCompile>
    <ClCompile Include="src\strcase.c">
      <Filter>Source Files</Filter>
    </ClCompile>
    <ClCompile Include="src\strdup.c">
      <Filter>Source Files</Filter>
    </ClCompile>
    <ClCompile Include="src\strerror.c">
      <Filter>Source Files</Filter>
    </ClCompile>
    <ClCompile Include="src\strtok.c">
      <Filter>Source Files</Filter>
    </ClCompile>
    <ClCompile Include="src\strtoofft.c">
      <Filter>Source Files</Filter>
    </ClCompile>
    <ClCompile Include="src\system_win32.c">
      <Filter>Source Files</Filter>
    </ClCompile>
    <ClCompile Include="src\telnet.c">
      <Filter>Source Files</Filter>
    </ClCompile>
    <ClCompile Include="src\tftp.c">
      <Filter>Source Files</Filter>
    </ClCompile>
    <ClCompile Include="src\timeval.c">
      <Filter>Source Files</Filter>
    </ClCompile>
    <ClCompile Include="src\transfer.c">
      <Filter>Source Files</Filter>
    </ClCompile>
    <ClCompile Include="src\url.c">
      <Filter>Source Files</Filter>
    </ClCompile>
    <ClCompile Include="src\urlapi.c">
      <Filter>Source Files</Filter>
    </ClCompile>
    <ClCompile Include="src\version.c">
      <Filter>Source Files</Filter>
    </ClCompile>
    <ClCompile Include="src\dynbuf.c">
      <Filter>Source Files</Filter>
    </ClCompile>
  </ItemGroup>
  <ItemGroup>
    <ClInclude Include="src\altsvc.h">
      <Filter>Header Files</Filter>
    </ClInclude>
    <ClInclude Include="src\amigaos.h">
      <Filter>Header Files</Filter>
    </ClInclude>
    <ClInclude Include="src\arpa_telnet.h">
      <Filter>Header Files</Filter>
    </ClInclude>
    <ClInclude Include="src\asyn.h">
      <Filter>Header Files</Filter>
    </ClInclude>
    <ClInclude Include="src\bufref.h">
      <Filter>Header Files</Filter>
    </ClInclude>
    <ClInclude Include="src\c-hyper.h">
      <Filter>Header Files</Filter>
    </ClInclude>
    <ClInclude Include="src\config-amigaos.h">
      <Filter>Header Files</Filter>
    </ClInclude>
    <ClInclude Include="src\config-dos.h">
      <Filter>Header Files</Filter>
    </ClInclude>
    <ClInclude Include="src\config-mac.h">
      <Filter>Header Files</Filter>
    </ClInclude>
    <ClInclude Include="src\config-os400.h">
      <Filter>Header Files</Filter>
    </ClInclude>
    <ClInclude Include="src\config-plan9.h">
      <Filter>Header Files</Filter>
    </ClInclude>
    <ClInclude Include="src\config-riscos.h">
      <Filter>Header Files</Filter>
    </ClInclude>
    <ClInclude Include="src\config-win32.h">
      <Filter>Header Files</Filter>
    </ClInclude>
    <ClInclude Include="src\config-win32ce.h">
      <Filter>Header Files</Filter>
    </ClInclude>
    <ClInclude Include="src\conncache.h">
      <Filter>Header Files</Filter>
    </ClInclude>
    <ClInclude Include="src\connect.h">
      <Filter>Header Files</Filter>
    </ClInclude>
    <ClInclude Include="src\content_encoding.h">
      <Filter>Header Files</Filter>
    </ClInclude>
    <ClInclude Include="src\cookie.h">
      <Filter>Header Files</Filter>
    </ClInclude>
    <ClInclude Include="src\curlx.h">
      <Filter>Header Files</Filter>
    </ClInclude>
    <ClInclude Include="src\curl_addrinfo.h">
      <Filter>Header Files</Filter>
    </ClInclude>
    <ClInclude Include="src\curl_base64.h">
      <Filter>Header Files</Filter>
    </ClInclude>
    <ClInclude Include="src\curl_ctype.h">
      <Filter>Header Files</Filter>
    </ClInclude>
    <ClInclude Include="src\curl_des.h">
      <Filter>Header Files</Filter>
    </ClInclude>
    <ClInclude Include="src\curl_endian.h">
      <Filter>Header Files</Filter>
    </ClInclude>
    <ClInclude Include="src\curl_fnmatch.h">
      <Filter>Header Files</Filter>
    </ClInclude>
    <ClInclude Include="src\curl_gethostname.h">
      <Filter>Header Files</Filter>
    </ClInclude>
    <ClInclude Include="src\curl_get_line.h">
      <Filter>Header Files</Filter>
    </ClInclude>
    <ClInclude Include="src\curl_gssapi.h">
      <Filter>Header Files</Filter>
    </ClInclude>
    <ClInclude Include="src\curl_hmac.h">
      <Filter>Header Files</Filter>
    </ClInclude>
    <ClInclude Include="src\curl_krb5.h">
      <Filter>Header Files</Filter>
    </ClInclude>
    <ClInclude Include="src\curl_ldap.h">
      <Filter>Header Files</Filter>
    </ClInclude>
    <ClInclude Include="src\curl_md4.h">
      <Filter>Header Files</Filter>
    </ClInclude>
    <ClInclude Include="src\curl_md5.h">
      <Filter>Header Files</Filter>
    </ClInclude>
    <ClInclude Include="src\curl_memory.h">
      <Filter>Header Files</Filter>
    </ClInclude>
    <ClInclude Include="src\curl_memrchr.h">
      <Filter>Header Files</Filter>
    </ClInclude>
    <ClInclude Include="src\curl_multibyte.h">
      <Filter>Header Files</Filter>
    </ClInclude>
    <ClInclude Include="src\curl_ntlm_core.h">
      <Filter>Header Files</Filter>
    </ClInclude>
    <ClInclude Include="src\curl_ntlm_wb.h">
      <Filter>Header Files</Filter>
    </ClInclude>
    <ClInclude Include="src\curl_path.h">
      <Filter>Header Files</Filter>
    </ClInclude>
    <ClInclude Include="src\curl_printf.h">
      <Filter>Header Files</Filter>
    </ClInclude>
    <ClInclude Include="src\curl_range.h">
      <Filter>Header Files</Filter>
    </ClInclude>
    <ClInclude Include="src\curl_rtmp.h">
      <Filter>Header Files</Filter>
    </ClInclude>
    <ClInclude Include="src\curl_sasl.h">
      <Filter>Header Files</Filter>
    </ClInclude>
    <ClInclude Include="src\curl_setup.h">
      <Filter>Header Files</Filter>
    </ClInclude>
    <ClInclude Include="src\curl_setup_once.h">
      <Filter>Header Files</Filter>
    </ClInclude>
    <ClInclude Include="src\curl_sha256.h">
      <Filter>Header Files</Filter>
    </ClInclude>
    <ClInclude Include="src\curl_sspi.h">
      <Filter>Header Files</Filter>
    </ClInclude>
    <ClInclude Include="src\curl_threads.h">
      <Filter>Header Files</Filter>
    </ClInclude>
    <ClInclude Include="src\dict.h">
      <Filter>Header Files</Filter>
    </ClInclude>
    <ClInclude Include="src\doh.h">
      <Filter>Header Files</Filter>
    </ClInclude>
    <ClInclude Include="src\dotdot.h">
      <Filter>Header Files</Filter>
    </ClInclude>
    <ClInclude Include="src\easyif.h">
      <Filter>Header Files</Filter>
    </ClInclude>
    <ClInclude Include="src\easy_lock.h">
      <Filter>Header Files</Filter>
    </ClInclude>
    <ClInclude Include="src\easyoptions.h">
      <Filter>Header Files</Filter>
    </ClInclude>
    <ClInclude Include="src\escape.h">
      <Filter>Header Files</Filter>
    </ClInclude>
    <ClInclude Include="src\file.h">
      <Filter>Header Files</Filter>
    </ClInclude>
    <ClInclude Include="src\fileinfo.h">
      <Filter>Header Files</Filter>
    </ClInclude>
    <ClInclude Include="src\fopen.h">
      <Filter>Header Files</Filter>
    </ClInclude>
    <ClInclude Include="src\formdata.h">
      <Filter>Header Files</Filter>
    </ClInclude>
    <ClInclude Include="src\ftp.h">
      <Filter>Header Files</Filter>
    </ClInclude>
    <ClInclude Include="src\ftplistparser.h">
      <Filter>Header Files</Filter>
    </ClInclude>
    <ClInclude Include="src\getinfo.h">
      <Filter>Header Files</Filter>
    </ClInclude>
    <ClInclude Include="src\gopher.h">
      <Filter>Header Files</Filter>
    </ClInclude>
    <ClInclude Include="src\h2h3.h">
      <Filter>Header Files</Filter>
    </ClInclude>
    <ClInclude Include="src\hash.h">
      <Filter>Header Files</Filter>
    </ClInclude>
    <ClInclude Include="src\headers.h">
      <Filter>Header Files</Filter>
    </ClInclude>
    <ClInclude Include="src\hostip.h">
      <Filter>Header Files</Filter>
    </ClInclude>
    <ClInclude Include="src\hsts.h">
      <Filter>Header Files</Filter>
    </ClInclude>
    <ClInclude Include="src\http_aws_sigv4.h">
      <Filter>Header Files</Filter>
    </ClInclude>
    <ClInclude Include="src\http.h">
      <Filter>Header Files</Filter>
    </ClInclude>
    <ClInclude Include="src\http2.h">
      <Filter>Header Files</Filter>
    </ClInclude>
    <ClInclude Include="src\http_chunks.h">
      <Filter>Header Files</Filter>
    </ClInclude>
    <ClInclude Include="src\http_digest.h">
      <Filter>Header Files</Filter>
    </ClInclude>
    <ClInclude Include="src\http_negotiate.h">
      <Filter>Header Files</Filter>
    </ClInclude>
    <ClInclude Include="src\http_ntlm.h">
      <Filter>Header Files</Filter>
    </ClInclude>
    <ClInclude Include="src\http_proxy.h">
      <Filter>Header Files</Filter>
    </ClInclude>
    <ClInclude Include="src\if2ip.h">
      <Filter>Header Files</Filter>
    </ClInclude>
    <ClInclude Include="src\imap.h">
      <Filter>Header Files</Filter>
    </ClInclude>
    <ClInclude Include="src\inet_ntop.h">
      <Filter>Header Files</Filter>
    </ClInclude>
    <ClInclude Include="src\inet_pton.h">
      <Filter>Header Files</Filter>
    </ClInclude>
    <ClInclude Include="src\llist.h">
      <Filter>Header Files</Filter>
    </ClInclude>
    <ClInclude Include="src\memdebug.h">
      <Filter>Header Files</Filter>
    </ClInclude>
    <ClInclude Include="src\mime.h">
      <Filter>Header Files</Filter>
    </ClInclude>
    <ClInclude Include="src\mqtt.h">
      <Filter>Header Files</Filter>
    </ClInclude>
    <ClInclude Include="src\multihandle.h">
      <Filter>Header Files</Filter>
    </ClInclude>
    <ClInclude Include="src\multiif.h">
      <Filter>Header Files</Filter>
    </ClInclude>
    <ClInclude Include="src\netrc.h">
      <Filter>Header Files</Filter>
    </ClInclude>
    <ClInclude Include="src\nonblock.h">
      <Filter>Header Files</Filter>
    </ClInclude>
    <ClInclude Include="src\parsedate.h">
      <Filter>Header Files</Filter>
    </ClInclude>
    <ClInclude Include="src\pingpong.h">
      <Filter>Header Files</Filter>
    </ClInclude>
    <ClInclude Include="src\pop3.h">
      <Filter>Header Files</Filter>
    </ClInclude>
    <ClInclude Include="src\progress.h">
      <Filter>Header Files</Filter>
    </ClInclude>
    <ClInclude Include="src\psl.h">
      <Filter>Header Files</Filter>
    </ClInclude>
    <ClInclude Include="src\quic.h">
      <Filter>Header Files</Filter>
    </ClInclude>
    <ClInclude Include="src\rand.h">
      <Filter>Header Files</Filter>
    </ClInclude>
    <ClInclude Include="src\rename.h">
      <Filter>Header Files</Filter>
    </ClInclude>
    <ClInclude Include="src\rtsp.h">
      <Filter>Header Files</Filter>
    </ClInclude>
    <ClInclude Include="src\select.h">
      <Filter>Header Files</Filter>
    </ClInclude>
    <ClInclude Include="src\sendf.h">
      <Filter>Header Files</Filter>
    </ClInclude>
    <ClInclude Include="src\setopt.h">
      <Filter>Header Files</Filter>
    </ClInclude>
    <ClInclude Include="src\setup-os400.h">
      <Filter>Header Files</Filter>
    </ClInclude>
    <ClInclude Include="src\setup-vms.h">
      <Filter>Header Files</Filter>
    </ClInclude>
    <ClInclude Include="src\setup-win32.h">
      <Filter>Header Files</Filter>
    </ClInclude>
    <ClInclude Include="src\share.h">
      <Filter>Header Files</Filter>
    </ClInclude>
    <ClInclude Include="src\sigpipe.h">
      <Filter>Header Files</Filter>
    </ClInclude>
    <ClInclude Include="src\slist.h">
      <Filter>Header Files</Filter>
    </ClInclude>
    <ClInclude Include="src\smb.h">
      <Filter>Header Files</Filter>
    </ClInclude>
    <ClInclude Include="src\smtp.h">
      <Filter>Header Files</Filter>
    </ClInclude>
    <ClInclude Include="src\sockaddr.h">
      <Filter>Header Files</Filter>
    </ClInclude>
    <ClInclude Include="src\socketpair.h">
      <Filter>Header Files</Filter>
    </ClInclude>
    <ClInclude Include="src\socks.h">
      <Filter>Header Files</Filter>
    </ClInclude>
    <ClInclude Include="src\speedcheck.h">
      <Filter>Header Files</Filter>
    </ClInclude>
    <ClInclude Include="src\splay.h">
      <Filter>Header Files</Filter>
    </ClInclude>
    <ClInclude Include="src\strcase.h">
      <Filter>Header Files</Filter>
    </ClInclude>
    <ClInclude Include="src\strdup.h">
      <Filter>Header Files</Filter>
    </ClInclude>
    <ClInclude Include="src\strerror.h">
      <Filter>Header Files</Filter>
    </ClInclude>
    <ClInclude Include="src\strtok.h">
      <Filter>Header Files</Filter>
    </ClInclude>
    <ClInclude Include="src\strtoofft.h">
      <Filter>Header Files</Filter>
    </ClInclude>
    <ClInclude Include="src\system_win32.h">
      <Filter>Header Files</Filter>
    </ClInclude>
    <ClInclude Include="src\telnet.h">
      <Filter>Header Files</Filter>
    </ClInclude>
    <ClInclude Include="src\tftp.h">
      <Filter>Header Files</Filter>
    </ClInclude>
    <ClInclude Include="src\timediff.h">
      <Filter>Header Files</Filter>
    </ClInclude>
    <ClInclude Include="src\timeval.h">
      <Filter>Header Files</Filter>
    </ClInclude>
    <ClInclude Include="src\transfer.h">
      <Filter>Header Files</Filter>
    </ClInclude>
    <ClInclude Include="src\url.h">
      <Filter>Header Files</Filter>
    </ClInclude>
    <ClInclude Include="src\urlapi-int.h">
      <Filter>Header Files</Filter>
    </ClInclude>
    <ClInclude Include="src\urldata.h">
      <Filter>Header Files</Filter>
    </ClInclude>
    <ClInclude Include="src\version_win32.h">
      <Filter>Header Files</Filter>
    </ClInclude>
    <ClInclude Include="src\warnless.h">
      <Filter>Header Files</Filter>
    </ClInclude>
    <ClInclude Include="src\wildcard.h">
      <Filter>Header Files</Filter>
    </ClInclude>
    <ClInclude Include="src\dynbuf.h">
      <Filter>Header Files</Filter>
    </ClInclude>
  </ItemGroup>
</Project>