<?xml version="1.0" encoding="utf-8"?>
<Project ToolsVersion="4.0" xmlns="http://schemas.microsoft.com/developer/msbuild/2003">
  <ItemGroup>
    <Filter Include="Header Files\Services">
      <UniqueIdentifier>{64D2CE87-E04F-4768-BD94-86282BBD138B}</UniqueIdentifier>
    </Filter>
    <Filter Include="Source Files\Services">
      <UniqueIdentifier>{1D61FE06-83AA-4C8A-A8FC-36EAD0EAAC97}</UniqueIdentifier>
    </Filter>
  </ItemGroup>
  <ItemGroup>
    <ClCompile Include="src\cloud_file.cpp">
      <Filter>Source Files</Filter>
    </ClCompile>
    <ClCompile Include="src\events.cpp">
      <Filter>Source Files</Filter>
    </ClCompile>
    <ClCompile Include="src\icons.cpp">
      <Filter>Source Files</Filter>
    </ClCompile>
    <ClCompile Include="src\main.cpp">
      <Filter>Source Files</Filter>
    </ClCompile>
    <ClCompile Include="src\menus.cpp">
      <Filter>Source Files</Filter>
    </ClCompile>
    <ClCompile Include="src\oauth.cpp">
      <Filter>Source Files</Filter>
    </ClCompile>
    <ClCompile Include="src\options.cpp">
      <Filter>Source Files</Filter>
    </ClCompile>
    <ClCompile Include="src\services.cpp">
      <Filter>Source Files</Filter>
    </ClCompile>
    <ClCompile Include="src\srmm.cpp">
      <Filter>Source Files</Filter>
    </ClCompile>
    <ClCompile Include="src\stdafx.cxx">
      <Filter>Source Files</Filter>
    </ClCompile>
    <ClCompile Include="src\transfers.cpp">
      <Filter>Source Files</Filter>
    </ClCompile>
    <ClCompile Include="src\utils.cpp">
      <Filter>Source Files</Filter>
    </ClCompile>
    <ClCompile Include="src\Services\dropbox_service.cpp">
      <Filter>Source Files\Services</Filter>
    </ClCompile>
    <ClCompile Include="src\Services\google_service.cpp">
      <Filter>Source Files\Services</Filter>
    </ClCompile>
    <ClCompile Include="src\Services\microsoft_service.cpp">
      <Filter>Source Files\Services</Filter>
    </ClCompile>
    <ClCompile Include="src\Services\yandex_service.cpp">
      <Filter>Source Files\Services</Filter>
    </ClCompile>
  </ItemGroup>
  <ItemGroup>
    <ClInclude Include="src\Services\dropbox_api.h">
      <Filter>Header Files</Filter>
    </ClInclude>
    <ClInclude Include="src\Services\dropbox_service.h">
      <Filter>Header Files</Filter>
    </ClInclude>
    <ClInclude Include="src\Services\google_api.h">
      <Filter>Header Files</Filter>
    </ClInclude>
    <ClInclude Include="src\Services\google_service.h">
      <Filter>Header Files</Filter>
    </ClInclude>
    <ClInclude Include="src\Services\microsoft_api.h">
      <Filter>Header Files</Filter>
    </ClInclude>
    <ClInclude Include="src\Services\microsoft_service.h">
      <Filter>Header Files</Filter>
    </ClInclude>
    <ClInclude Include="src\Services\yandex_api.h">
      <Filter>Header Files</Filter>
    </ClInclude>
    <ClInclude Include="src\Services\yandex_service.h">
      <Filter>Header Files</Filter>
    </ClInclude>
    <ClInclude Include="src\stdafx.h">
      <Filter>Header Files</Filter>
    </ClInclude>
    <ClInclude Include="src\version.h">
      <Filter>Header Files</Filter>
    </ClInclude>
    <ClInclude Include="src\cloud_file.h">
      <Filter>Header Files</Filter>
    </ClInclude>
    <ClInclude Include="src\file_transfer.h">
      <Filter>Header Files</Filter>
    </ClInclude>
    <ClInclude Include="src\http_request.h">
      <Filter>Header Files</Filter>
    </ClInclude>
    <ClInclude Include="src\oauth.h">
      <Filter>Header Files</Filter>
    </ClInclude>
    <ClInclude Include="src\options.h">
      <Filter>Header Files</Filter>
    </ClInclude>
    <ClInclude Include="src\resource.h">
      <Filter>Header Files</Filter>
    </ClInclude>
  </ItemGroup>
  <ItemGroup>
    <ResourceCompile Include="res\resource.rc">
      <Filter>Resource Files</Filter>
    </ResourceCompile>
    <ResourceCompile Include="res\version.rc">
      <Filter>Resource Files</Filter>
    </ResourceCompile>
  </ItemGroup>
  <ItemGroup>
    <None Include="res\dropbox.ico">
      <Filter>Resource Files</Filter>
    </None>
    <None Include="res\gdrive.ico">
      <Filter>Resource Files</Filter>
    </None>
    <None Include="res\onedrive.ico">
      <Filter>Resource Files</Filter>
    </None>
    <None Include="res\upload.ico">
      <Filter>Resource Files</Filter>
    </None>
    <None Include="res\yadisk.ico">
      <Filter>Resource Files</Filter>
    </None>
  </ItemGroup>
  <Import Project="$(ProjectDir)..\..\build\vc.common\common.filters" />
</Project>