<?xml version="1.0" encoding="utf-8"?>
<Project ToolsVersion="4.0" xmlns="http://schemas.microsoft.com/developer/msbuild/2003">
  <Import Project="$(ProjectDir)..\..\build\vc.common\common.filters" />
  <ItemGroup>
    <ClCompile Include="src\chat.cpp">
      <Filter>Source Files</Filter>
    </ClCompile>
    <ClCompile Include="src\communication.cpp">
      <Filter>Source Files</Filter>
    </ClCompile>
    <ClCompile Include="src\connection.cpp">
      <Filter>Source Files</Filter>
    </ClCompile>
    <ClCompile Include="src\dialogs.cpp">
      <Filter>Source Files</Filter>
    </ClCompile>
    <ClCompile Include="src\main.cpp">
      <Filter>Source Files</Filter>
    </ClCompile>
    <ClCompile Include="src\messages.cpp">
      <Filter>Source Files</Filter>
    </ClCompile>
    <ClCompile Include="src\proto.cpp">
      <Filter>Source Files</Filter>
    </ClCompile>
    <ClCompile Include="src\stdafx.cxx">
      <Filter>Source Files</Filter>
    </ClCompile>
    <ClCompile Include="src\theme.cpp">
      <Filter>Source Files</Filter>
    </ClCompile>
    <ClCompile Include="..\..\utils\std_string_utils.cpp">
      <Filter>Source Files</Filter>
    </ClCompile>
  </ItemGroup>
  <ItemGroup>
    <ClInclude Include="src\client.h">
      <Filter>Header Files</Filter>
    </ClInclude>
    <ClInclude Include="src\constants.h">
      <Filter>Header Files</Filter>
    </ClInclude>
    <ClInclude Include="src\db.h">
      <Filter>Header Files</Filter>
    </ClInclude>
    <ClInclude Include="src\dialogs.h">
      <Filter>Header Files</Filter>
    </ClInclude>
    <ClInclude Include="src\http.h">
      <Filter>Header Files</Filter>
    </ClInclude>
    <ClInclude Include="src\proto.h">
      <Filter>Header Files</Filter>
    </ClInclude>
    <ClInclude Include="src\resource.h">
      <Filter>Header Files</Filter>
    </ClInclude>
    <ClInclude Include="src\stdafx.h">
      <Filter>Header Files</Filter>
    </ClInclude>
    <ClInclude Include="src\theme.h">
      <Filter>Header Files</Filter>
    </ClInclude>
    <ClInclude Include="src\version.h">
      <Filter>Header Files</Filter>
    </ClInclude>
  </ItemGroup>
  <ItemGroup>
    <ResourceCompile Include="res\omegle.rc">
      <Filter>Resource Files</Filter>
    </ResourceCompile>
    <ResourceCompile Include="res\version.rc">
      <Filter>Resource Files</Filter>
    </ResourceCompile>
  </ItemGroup>
</Project>