Microsoft Visual Studio Solution File, Format Version 11.00
# Visual Studio 2010
Project("{8BC9CEB8-8B4A-11D0-8D11-00A0C91BC942}") = "KeepStatus", "KeepStatus\KeepStatus_10.vcxproj", "{D548A54E-310B-4A86-A545-64BDD5748745}"
EndProject
Project("{8BC9CEB8-8B4A-11D0-8D11-00A0C91BC942}") = "AdvancedAutoAway", "AdvancedAutoAway\AdvancedAutoAway_10.vcxproj", "{66503A70-B1E8-4545-B4FF-2108DFB40C72}"
EndProject
Project("{8BC9CEB8-8B4A-11D0-8D11-00A0C91BC942}") = "StartupStatus", "StartupStatus\StartupStatus_10.vcxproj", "{1BD5E5B9-A750-4CF8-A370-0FBD40A92CB2}"
EndProject
Global
	GlobalSection(SolutionConfigurationPlatforms) = preSolution
		Debug|Win32 = Debug|Win32
		Debug|x64 = Debug|x64
		Release|Win32 = Release|Win32
		Release|x64 = Release|x64
	EndGlobalSection
	GlobalSection(ProjectConfigurationPlatforms) = postSolution
		{D548A54E-310B-4A86-A545-64BDD5748745}.Debug|Win32.ActiveCfg = Debug|Win32
		{D548A54E-310B-4A86-A545-64BDD5748745}.Debug|Win32.Build.0 = Debug|Win32
		{D548A54E-310B-4A86-A545-64BDD5748745}.Debug|x64.ActiveCfg = Debug|x64
		{D548A54E-310B-4A86-A545-64BDD5748745}.Debug|x64.Build.0 = Debug|x64
		{D548A54E-310B-4A86-A545-64BDD5748745}.Release|Win32.ActiveCfg = Release|Win32
		{D548A54E-310B-4A86-A545-64BDD5748745}.Release|Win32.Build.0 = Release|Win32
		{D548A54E-310B-4A86-A545-64BDD5748745}.Release|x64.ActiveCfg = Release|x64
		{D548A54E-310B-4A86-A545-64BDD5748745}.Release|x64.Build.0 = Release|x64
		{66503A70-B1E8-4545-B4FF-2108DFB40C72}.Debug|Win32.ActiveCfg = Debug|Win32
		{66503A70-B1E8-4545-B4FF-2108DFB40C72}.Debug|Win32.Build.0 = Debug|Win32
		{66503A70-B1E8-4545-B4FF-2108DFB40C72}.Debug|x64.ActiveCfg = Debug|x64
		{66503A70-B1E8-4545-B4FF-2108DFB40C72}.Debug|x64.Build.0 = Debug|x64
		{66503A70-B1E8-4545-B4FF-2108DFB40C72}.Release|Win32.ActiveCfg = Release|Win32
		{66503A70-B1E8-4545-B4FF-2108DFB40C72}.Release|Win32.Build.0 = Release|Win32
		{66503A70-B1E8-4545-B4FF-2108DFB40C72}.Release|x64.ActiveCfg = Release|x64
		{66503A70-B1E8-4545-B4FF-2108DFB40C72}.Release|x64.Build.0 = Release|x64
		{1BD5E5B9-A750-4CF8-A370-0FBD40A92CB2}.Debug|Win32.ActiveCfg = Debug|Win32
		{1BD5E5B9-A750-4CF8-A370-0FBD40A92CB2}.Debug|Win32.Build.0 = Debug|Win32
		{1BD5E5B9-A750-4CF8-A370-0FBD40A92CB2}.Debug|x64.ActiveCfg = Debug|x64
		{1BD5E5B9-A750-4CF8-A370-0FBD40A92CB2}.Debug|x64.Build.0 = Debug|x64
		{1BD5E5B9-A750-4CF8-A370-0FBD40A92CB2}.Release|Win32.ActiveCfg = Release|Win32
		{1BD5E5B9-A750-4CF8-A370-0FBD40A92CB2}.Release|Win32.Build.0 = Release|Win32
		{1BD5E5B9-A750-4CF8-A370-0FBD40A92CB2}.Release|x64.ActiveCfg = Release|x64
		{1BD5E5B9-A750-4CF8-A370-0FBD40A92CB2}.Release|x64.Build.0 = Release|x64
	EndGlobalSection
	GlobalSection(SolutionProperties) = preSolution
		HideSolutionNode = FALSE
	EndGlobalSection
EndGlobal
