<?xml version="1.0" encoding="utf-8"?>
<Project ToolsVersion="4.0" xmlns="http://schemas.microsoft.com/developer/msbuild/2003">
  <ItemGroup>
    <Filter Include="Source Files">
      <UniqueIdentifier>{bc4414ca-bfab-4385-a016-6239272b67ab}</UniqueIdentifier>
      <Extensions>cpp;c;cxx;rc;def;r;odl;idl;hpj;bat</Extensions>
    </Filter>
    <Filter Include="Source Files\ModSetting Enuming">
      <UniqueIdentifier>{8ba4deb9-307a-4c99-9c87-2243a0ef802e}</UniqueIdentifier>
    </Filter>
    <Filter Include="Source Files\dialogs">
      <UniqueIdentifier>{b1b3b1b6-9fe0-435d-b8ab-1715cc5e7430}</UniqueIdentifier>
    </Filter>
    <Filter Include="Header Files">
      <UniqueIdentifier>{adcc58df-dacb-48fe-a36b-59f8221cb71e}</UniqueIdentifier>
      <Extensions>h;hpp;hxx;hm;inl</Extensions>
    </Filter>
    <Filter Include="Resource Files">
      <UniqueIdentifier>{fb09bf3d-d973-466d-b87b-0b785885753b}</UniqueIdentifier>
      <Extensions>ico;cur;bmp;dlg;rc2;rct;bin;rgs;gif;jpg;jpeg;jpe</Extensions>
    </Filter>
  </ItemGroup>
  <ItemGroup>
    <ClCompile Include="src\exportimport.cpp">
      <Filter>Source Files</Filter>
    </ClCompile>
    <ClCompile Include="src\icons.cpp">
      <Filter>Source Files</Filter>
    </ClCompile>
    <ClCompile Include="src\main.cpp">
      <Filter>Source Files</Filter>
    </ClCompile>
    <ClCompile Include="src\modules.cpp">
      <Filter>Source Files</Filter>
    </ClCompile>
    <ClCompile Include="src\modsettingenum.cpp">
      <Filter>Source Files\ModSetting Enuming</Filter>
    </ClCompile>
    <ClCompile Include="src\addeditsettingsdlg.cpp">
      <Filter>Source Files\dialogs</Filter>
    </ClCompile>
    <ClCompile Include="src\copymodule.cpp">
      <Filter>Source Files\dialogs</Filter>
    </ClCompile>
    <ClCompile Include="src\deletemodule.cpp">
      <Filter>Source Files\dialogs</Filter>
    </ClCompile>
    <ClCompile Include="src\findwindow.cpp">
      <Filter>Source Files\dialogs</Filter>
    </ClCompile>
    <ClCompile Include="src\main_window.cpp">
      <Filter>Source Files\dialogs</Filter>
    </ClCompile>
    <ClCompile Include="src\moduletree.cpp">
      <Filter>Source Files\dialogs</Filter>
    </ClCompile>
    <ClCompile Include="src\options.cpp">
      <Filter>Source Files\dialogs</Filter>
    </ClCompile>
    <ClCompile Include="src\settinglist.cpp">
      <Filter>Source Files\dialogs</Filter>
    </ClCompile>
    <ClCompile Include="src\watchedvars.cpp">
      <Filter>Source Files\dialogs</Filter>
    </ClCompile>
    <ClCompile Include="src\stdafx.cpp">
      <Filter>Source Files</Filter>
    </ClCompile>
  </ItemGroup>
  <ItemGroup>
    <ClInclude Include="src\modsettingenum.h">
      <Filter>Source Files\ModSetting Enuming</Filter>
    </ClInclude>
    <ClInclude Include="src\headers.h">
      <Filter>Header Files</Filter>
    </ClInclude>
    <ClInclude Include="src\resource.h">
      <Filter>Header Files</Filter>
    </ClInclude>
    <ClInclude Include="src\Version.h">
      <Filter>Header Files</Filter>
    </ClInclude>
  </ItemGroup>
  <ItemGroup>
    <None Include="docs\dbeditorpp_readme.txt" />
    <None Include="docs\dbeditorpp_translation.txt" />
  </ItemGroup>
  <ItemGroup>
    <ResourceCompile Include="res\resource.rc">
      <Filter>Resource Files</Filter>
    </ResourceCompile>
    <ResourceCompile Include="res\version.rc">
      <Filter>Resource Files</Filter>
    </ResourceCompile>
  </ItemGroup>
</Project>