<?xml version="1.0" encoding="utf-8"?>
<Project ToolsVersion="4.0" xmlns="http://schemas.microsoft.com/developer/msbuild/2003">
  <ItemGroup>
    <Filter Include="Source Files">
      <UniqueIdentifier>{7e24b5e6-2653-4143-a42b-d3486d5c416f}</UniqueIdentifier>
      <Extensions>cpp;c;cxx;rc;def;r;odl;idl;hpj;bat</Extensions>
    </Filter>
    <Filter Include="Header Files">
      <UniqueIdentifier>{596c44cc-f8d3-4837-8fb4-49d4aa913452}</UniqueIdentifier>
      <Extensions>h;hpp;hxx;hm;inl</Extensions>
    </Filter>
    <Filter Include="Resource Files">
      <UniqueIdentifier>{9c926bbb-252f-489c-8433-2db02ad00ba7}</UniqueIdentifier>
      <Extensions>ico;cur;bmp;dlg;rc2;rct;bin;rgs;gif;jpg;jpeg;jpe</Extensions>
    </Filter>
  </ItemGroup>
  <ItemGroup>
    <ClCompile Include="src\stdafx.cpp">
      <Filter>Source Files</Filter>
    </ClCompile>
    <ClCompile Include="src\functions.cpp">
      <Filter>Source Files</Filter>
    </ClCompile>
    <ClCompile Include="src\main.cpp">
      <Filter>Source Files</Filter>
    </ClCompile>
    <ClCompile Include="src\options.cpp">
      <Filter>Source Files</Filter>
    </ClCompile>
    <ClCompile Include="src\receive.cpp">
      <Filter>Source Files</Filter>
    </ClCompile>
    <ClCompile Include="src\recvdlg.cpp">
      <Filter>Source Files</Filter>
    </ClCompile>
    <ClCompile Include="src\send.cpp">
      <Filter>Source Files</Filter>
    </ClCompile>
    <ClCompile Include="src\senddlg.cpp">
      <Filter>Source Files</Filter>
    </ClCompile>
    <ClCompile Include="src\SMS_svc.cpp">
      <Filter>Source Files</Filter>
    </ClCompile>
  </ItemGroup>
  <ItemGroup>
    <ClInclude Include="src\Version.h">
      <Filter>Header Files</Filter>
    </ClInclude>
    <ClInclude Include="src\resource.h">
      <Filter>Header Files</Filter>
    </ClInclude>
    <ClInclude Include="src\recvdlg.h">
      <Filter>Header Files</Filter>
    </ClInclude>
    <ClInclude Include="src\senddlg.h">
      <Filter>Header Files</Filter>
    </ClInclude>
    <ClInclude Include="src\SMSConstans.h">
      <Filter>Header Files</Filter>
    </ClInclude>
    <ClInclude Include="src\common.h">
      <Filter>Header Files</Filter>
    </ClInclude>
    <ClInclude Include="src\AdditionalFunctions\InterlockedFunctions.h">
      <Filter>Header Files</Filter>
    </ClInclude>
    <ClInclude Include="src\AdditionalFunctions\ListMT.h">
      <Filter>Header Files</Filter>
    </ClInclude>
    <ClInclude Include="src\AdditionalFunctions\MemoryCompare.h">
      <Filter>Header Files</Filter>
    </ClInclude>
    <ClInclude Include="src\AdditionalFunctions\MemoryFindByte.h">
      <Filter>Header Files</Filter>
    </ClInclude>
  </ItemGroup>
  <ItemGroup>
    <ResourceCompile Include="res\resource.rc">
      <Filter>Resource Files</Filter>
    </ResourceCompile>
    <ResourceCompile Include="res\Version.rc">
      <Filter>Resource Files</Filter>
    </ResourceCompile>
  </ItemGroup>
</Project>