<?xml version="1.0" encoding="utf-8"?>
<Project ToolsVersion="15.0" xmlns="http://schemas.microsoft.com/developer/msbuild/2003">
  <ItemGroup>
    <ClCompile Include="..\td\tdactor\td\actor\impl\ConcurrentScheduler.cpp">
      <Filter>Source Files</Filter>
    </ClCompile>
    <ClCompile Include="..\td\tdactor\td\actor\impl\Scheduler.cpp">
      <Filter>Source Files</Filter>
    </ClCompile>
    <ClCompile Include="..\td\tdactor\td\actor\MultiPromise.cpp">
      <Filter>Source Files</Filter>
    </ClCompile>
    <ClCompile Include="..\td\tdactor\td\actor\Timeout.cpp">
      <Filter>Source Files</Filter>
    </ClCompile>
    <ClCompile Include="..\td\tdactor\td\actor\impl2\Scheduler.cpp">
      <Filter>Source Files</Filter>
    </ClCompile>
  </ItemGroup>
  <ItemGroup>
    <ClInclude Include="..\td\tdactor\td\actor\impl\Actor-decl.h">
      <Filter>Header Files</Filter>
    </ClInclude>
    <ClInclude Include="..\td\tdactor\td\actor\impl\Actor.h">
      <Filter>Header Files</Filter>
    </ClInclude>
    <ClInclude Include="..\td\tdactor\td\actor\impl\ActorId-decl.h">
      <Filter>Header Files</Filter>
    </ClInclude>
    <ClInclude Include="..\td\tdactor\td\actor\impl\ActorId.h">
      <Filter>Header Files</Filter>
    </ClInclude>
    <ClInclude Include="..\td\tdactor\td\actor\impl\ActorInfo-decl.h">
      <Filter>Header Files</Filter>
    </ClInclude>
    <ClInclude Include="..\td\tdactor\td\actor\impl\ActorInfo.h">
      <Filter>Header Files</Filter>
    </ClInclude>
    <ClInclude Include="..\td\tdactor\td\actor\impl\EventFull-decl.h">
      <Filter>Header Files</Filter>
    </ClInclude>
    <ClInclude Include="..\td\tdactor\td\actor\impl\EventFull.h">
      <Filter>Header Files</Filter>
    </ClInclude>
    <ClInclude Include="..\td\tdactor\td\actor\impl\ConcurrentScheduler.h">
      <Filter>Header Files</Filter>
    </ClInclude>
    <ClInclude Include="..\td\tdactor\td\actor\impl\Event.h">
      <Filter>Header Files</Filter>
    </ClInclude>
    <ClInclude Include="..\td\tdactor\td\actor\impl\Scheduler-decl.h">
      <Filter>Header Files</Filter>
    </ClInclude>
    <ClInclude Include="..\td\tdactor\td\actor\impl\Scheduler.h">
      <Filter>Header Files</Filter>
    </ClInclude>
    <ClInclude Include="..\td\tdactor\td\actor\Condition.h">
      <Filter>Header Files</Filter>
    </ClInclude>
    <ClInclude Include="..\td\tdactor\td\actor\MultiPromise.h">
      <Filter>Header Files</Filter>
    </ClInclude>
    <ClInclude Include="..\td\tdactor\td\actor\PromiseFuture.h">
      <Filter>Header Files</Filter>
    </ClInclude>
    <ClInclude Include="..\td\tdactor\td\actor\SchedulerLocalStorage.h">
      <Filter>Header Files</Filter>
    </ClInclude>
    <ClInclude Include="..\td\tdactor\td\actor\SignalSlot.h">
      <Filter>Header Files</Filter>
    </ClInclude>
    <ClInclude Include="..\td\tdactor\td\actor\SleepActor.h">
      <Filter>Header Files</Filter>
    </ClInclude>
    <ClInclude Include="..\td\tdactor\td\actor\Timeout.h">
      <Filter>Header Files</Filter>
    </ClInclude>
    <ClInclude Include="..\td\tdactor\td\actor\actor.h">
      <Filter>Header Files</Filter>
    </ClInclude>
    <ClInclude Include="..\td\tdactor\td\actor\impl2\ActorLocker.h">
      <Filter>Header Files</Filter>
    </ClInclude>
    <ClInclude Include="..\td\tdactor\td\actor\impl2\ActorSignals.h">
      <Filter>Header Files</Filter>
    </ClInclude>
    <ClInclude Include="..\td\tdactor\td\actor\impl2\ActorState.h">
      <Filter>Header Files</Filter>
    </ClInclude>
    <ClInclude Include="..\td\tdactor\td\actor\impl2\Scheduler.h">
      <Filter>Header Files</Filter>
    </ClInclude>
    <ClInclude Include="..\td\tdactor\td\actor\impl2\SchedulerId.h">
      <Filter>Header Files</Filter>
    </ClInclude>
  </ItemGroup>
  <ItemGroup>
    <Filter Include="Header Files">
      <UniqueIdentifier>{0FD26E20-5E51-396B-B4E5-98068F96B37E}</UniqueIdentifier>
    </Filter>
    <Filter Include="Source Files">
      <UniqueIdentifier>{CC4593AA-1CC3-37C8-BDF9-C5986B1808BD}</UniqueIdentifier>
    </Filter>
  </ItemGroup>
</Project>
