<?xml version="1.0" encoding="utf-8"?>
<Project ToolsVersion="4.0" xmlns="http://schemas.microsoft.com/developer/msbuild/2003">
  <ItemGroup>
    <Filter Include="Source files">
      <UniqueIdentifier>{cf1940c5-1f67-4b6c-8964-345adcdc30c1}</UniqueIdentifier>
    </Filter>
    <Filter Include="Resource files">
      <UniqueIdentifier>{2f3c4c59-a0c6-4bfb-ae62-634579279aa6}</UniqueIdentifier>
    </Filter>
    <Filter Include="Header files">
      <UniqueIdentifier>{6a763351-ef34-466b-a73f-2ce593c607a8}</UniqueIdentifier>
    </Filter>
    <Filter Include="Resource files\Icons">
      <UniqueIdentifier>{faf68487-f64e-4c1c-96a1-45b570b5a687}</UniqueIdentifier>
    </Filter>
  </ItemGroup>
  <ItemGroup>
    <ClCompile Include="src\ConnectionNotify.cpp">
      <Filter>Source files</Filter>
    </ClCompile>
    <ClCompile Include="src\debug.cpp">
      <Filter>Source files</Filter>
    </ClCompile>
    <ClCompile Include="src\filter.cpp">
      <Filter>Source files</Filter>
    </ClCompile>
    <ClCompile Include="src\netstat.cpp">
      <Filter>Source files</Filter>
    </ClCompile>
    <ClCompile Include="src\pid2name.cpp">
      <Filter>Source files</Filter>
    </ClCompile>
  </ItemGroup>
  <ItemGroup>
    <ClInclude Include="src\ConnectionNotify.h">
      <Filter>Header files</Filter>
    </ClInclude>
    <ClInclude Include="src\debug.h">
      <Filter>Header files</Filter>
    </ClInclude>
    <ClInclude Include="src\filter.h">
      <Filter>Header files</Filter>
    </ClInclude>
    <ClInclude Include="src\netstat.h">
      <Filter>Header files</Filter>
    </ClInclude>
    <ClInclude Include="src\pid2name.h">
      <Filter>Header files</Filter>
    </ClInclude>
    <ClInclude Include="src\version.h">
      <Filter>Header files</Filter>
    </ClInclude>
    <ClInclude Include="src\resource.h">
      <Filter>Header files</Filter>
    </ClInclude>
  </ItemGroup>
  <ItemGroup>
    <None Include="res\arrowup.ico">
      <Filter>Resource files\Icons</Filter>
    </None>
    <None Include="res\arrowdown.ico">
      <Filter>Resource files\Icons</Filter>
    </None>
    <None Include="res\add.ico">
      <Filter>Resource files\Icons</Filter>
    </None>
    <None Include="res\delete_item.ico">
      <Filter>Resource files\Icons</Filter>
    </None>
    <None Include="res\icon1.ico">
      <Filter>Resource files\Icons</Filter>
    </None>
    <None Include="res\icon2.ico">
      <Filter>Resource files\Icons</Filter>
    </None>
  </ItemGroup>
  <ItemGroup>
    <ResourceCompile Include="res\ConnectionNotify.rc">
      <Filter>Resource files</Filter>
    </ResourceCompile>
  </ItemGroup>
</Project>