
Microsoft Visual Studio Solution File, Format Version 11.00
# Visual Studio 2010
Project("{8BC9CEB8-8B4A-11D0-8D11-00A0C91BC942}") = "Fingerprint", "fingerprint_ng_vs2010.vcxproj", "{AF7D71D4-19B7-42B8-91DD-701F155AC4AE}"
EndProject
Project("{8BC9CEB8-8B4A-11D0-8D11-00A0C91BC942}") = "ClientIcons_AIM", "iconpacks\ClientIcons_AIM.vcxproj", "{2D1D3D7C-F86B-4189-8D57-96575D441182}"
EndProject
Project("{8BC9CEB8-8B4A-11D0-8D11-00A0C91BC942}") = "ClientIcons_GG", "iconpacks\ClientIcons_GG.vcxproj", "{48DDA047-898E-4C4C-A567-C76FE007BBB3}"
EndProject
Project("{8BC9CEB8-8B4A-11D0-8D11-00A0C91BC942}") = "ClientIcons_ICQ", "iconpacks\ClientIcons_ICQ.vcxproj", "{14CB2AEA-EFE8-464E-9446-C08DF9619EBC}"
EndProject
Project("{8BC9CEB8-8B4A-11D0-8D11-00A0C91BC942}") = "ClientIcons_IRC", "iconpacks\ClientIcons_IRC.vcxproj", "{3BEFA882-9323-4CFF-83D2-368B7D7C2488}"
EndProject
Project("{8BC9CEB8-8B4A-11D0-8D11-00A0C91BC942}") = "ClientIcons_Jabber", "iconpacks\ClientIcons_Jabber.vcxproj", "{23CF8697-38C5-4CEB-87BD-544EF8589619}"
EndProject
Project("{8BC9CEB8-8B4A-11D0-8D11-00A0C91BC942}") = "ClientIcons_Miranda", "iconpacks\ClientIcons_Miranda.vcxproj", "{7F854B13-37EA-4956-BAEE-9715AE9F4579}"
EndProject
Project("{8BC9CEB8-8B4A-11D0-8D11-00A0C91BC942}") = "ClientIcons_MRA", "iconpacks\ClientIcons_MRA.vcxproj", "{8DE3A1E9-BCD9-429D-A81D-35B6F86AA0AA}"
EndProject
Project("{8BC9CEB8-8B4A-11D0-8D11-00A0C91BC942}") = "ClientIcons_multiproto", "iconpacks\ClientIcons_multiprotocols.vcxproj", "{196C0237-7C8A-4887-BD0F-52E6BBE1D61B}"
EndProject
Project("{8BC9CEB8-8B4A-11D0-8D11-00A0C91BC942}") = "ClientIcons_others", "iconpacks\ClientIcons_others.vcxproj", "{1957D0AE-B386-4BF0-A8B9-42229922BA91}"
EndProject
Project("{8BC9CEB8-8B4A-11D0-8D11-00A0C91BC942}") = "ClientIcons_overlays", "iconpacks\ClientIcons_overlays.vcxproj", "{7D81F099-33CC-4FF3-A465-3943CB3F70C6}"
EndProject
Project("{8BC9CEB8-8B4A-11D0-8D11-00A0C91BC942}") = "ClientIcons_packs", "iconpacks\ClientIcons_Packs.vcxproj", "{99331043-10E4-4171-940E-D43E51B0401B}"
EndProject
Project("{8BC9CEB8-8B4A-11D0-8D11-00A0C91BC942}") = "ClientIcons_QQ", "iconpacks\ClientIcons_QQ.vcxproj", "{DD92D185-5AE5-4E39-90C0-D9804E85768F}"
EndProject
Project("{8BC9CEB8-8B4A-11D0-8D11-00A0C91BC942}") = "ClientIcons_RSS", "iconpacks\ClientIcons_RSS.vcxproj", "{EE41CC3A-FBC3-434E-B8E9-810D0287BC0D}"
EndProject
Project("{8BC9CEB8-8B4A-11D0-8D11-00A0C91BC942}") = "ClientIcons_Tlen", "iconpacks\ClientIcons_Tlen.vcxproj", "{FC2C1A39-F5E3-4791-B425-E74E5F296C4B}"
EndProject
Project("{8BC9CEB8-8B4A-11D0-8D11-00A0C91BC942}") = "ClientIcons_Weather", "iconpacks\ClientIcons_Weather.vcxproj", "{D88692A8-F0A3-4B13-A35B-89D2DDA6A3FB}"
EndProject
Project("{8BC9CEB8-8B4A-11D0-8D11-00A0C91BC942}") = "ClientIcons_Yahoo", "iconpacks\ClientIcons_Yahoo.vcxproj", "{CF3A5226-1264-4735-83AE-A65C349FC61E}"
EndProject
Project("{8BC9CEB8-8B4A-11D0-8D11-00A0C91BC942}") = "ClientIcons_MSN", "iconpacks\ClientIcons_MSN.vcxproj", "{DA88431F-AAD2-4A15-BBA0-8435A3DE8BE7}"
EndProject
Global
	GlobalSection(SolutionConfigurationPlatforms) = preSolution
		Debug|Win32 = Debug|Win32
		Debug|x64 = Debug|x64
		Release|Win32 = Release|Win32
		Release|x64 = Release|x64
	EndGlobalSection
	GlobalSection(ProjectConfigurationPlatforms) = postSolution
		{AF7D71D4-19B7-42B8-91DD-701F155AC4AE}.Debug|Win32.ActiveCfg = Debug|Win32
		{AF7D71D4-19B7-42B8-91DD-701F155AC4AE}.Debug|Win32.Build.0 = Debug|Win32
		{AF7D71D4-19B7-42B8-91DD-701F155AC4AE}.Debug|x64.ActiveCfg = Debug|x64
		{AF7D71D4-19B7-42B8-91DD-701F155AC4AE}.Debug|x64.Build.0 = Debug|x64
		{AF7D71D4-19B7-42B8-91DD-701F155AC4AE}.Release|Win32.ActiveCfg = Release|Win32
		{AF7D71D4-19B7-42B8-91DD-701F155AC4AE}.Release|Win32.Build.0 = Release|Win32
		{AF7D71D4-19B7-42B8-91DD-701F155AC4AE}.Release|x64.ActiveCfg = Release|x64
		{AF7D71D4-19B7-42B8-91DD-701F155AC4AE}.Release|x64.Build.0 = Release|x64
		{2D1D3D7C-F86B-4189-8D57-96575D441182}.Debug|Win32.ActiveCfg = Debug|Win32
		{2D1D3D7C-F86B-4189-8D57-96575D441182}.Debug|Win32.Build.0 = Debug|Win32
		{2D1D3D7C-F86B-4189-8D57-96575D441182}.Debug|x64.ActiveCfg = Debug|x64
		{2D1D3D7C-F86B-4189-8D57-96575D441182}.Debug|x64.Build.0 = Debug|x64
		{2D1D3D7C-F86B-4189-8D57-96575D441182}.Release|Win32.ActiveCfg = Release|Win32
		{2D1D3D7C-F86B-4189-8D57-96575D441182}.Release|Win32.Build.0 = Release|Win32
		{2D1D3D7C-F86B-4189-8D57-96575D441182}.Release|x64.ActiveCfg = Release|x64
		{2D1D3D7C-F86B-4189-8D57-96575D441182}.Release|x64.Build.0 = Release|x64
		{48DDA047-898E-4C4C-A567-C76FE007BBB3}.Debug|Win32.ActiveCfg = Debug|Win32
		{48DDA047-898E-4C4C-A567-C76FE007BBB3}.Debug|Win32.Build.0 = Debug|Win32
		{48DDA047-898E-4C4C-A567-C76FE007BBB3}.Debug|x64.ActiveCfg = Debug|x64
		{48DDA047-898E-4C4C-A567-C76FE007BBB3}.Debug|x64.Build.0 = Debug|x64
		{48DDA047-898E-4C4C-A567-C76FE007BBB3}.Release|Win32.ActiveCfg = Release|Win32
		{48DDA047-898E-4C4C-A567-C76FE007BBB3}.Release|Win32.Build.0 = Release|Win32
		{48DDA047-898E-4C4C-A567-C76FE007BBB3}.Release|x64.ActiveCfg = Release|x64
		{48DDA047-898E-4C4C-A567-C76FE007BBB3}.Release|x64.Build.0 = Release|x64
		{14CB2AEA-EFE8-464E-9446-C08DF9619EBC}.Debug|Win32.ActiveCfg = Debug|Win32
		{14CB2AEA-EFE8-464E-9446-C08DF9619EBC}.Debug|Win32.Build.0 = Debug|Win32
		{14CB2AEA-EFE8-464E-9446-C08DF9619EBC}.Debug|x64.ActiveCfg = Debug|x64
		{14CB2AEA-EFE8-464E-9446-C08DF9619EBC}.Debug|x64.Build.0 = Debug|x64
		{14CB2AEA-EFE8-464E-9446-C08DF9619EBC}.Release|Win32.ActiveCfg = Release|Win32
		{14CB2AEA-EFE8-464E-9446-C08DF9619EBC}.Release|Win32.Build.0 = Release|Win32
		{14CB2AEA-EFE8-464E-9446-C08DF9619EBC}.Release|x64.ActiveCfg = Release|x64
		{14CB2AEA-EFE8-464E-9446-C08DF9619EBC}.Release|x64.Build.0 = Release|x64
		{3BEFA882-9323-4CFF-83D2-368B7D7C2488}.Debug|Win32.ActiveCfg = Debug|Win32
		{3BEFA882-9323-4CFF-83D2-368B7D7C2488}.Debug|Win32.Build.0 = Debug|Win32
		{3BEFA882-9323-4CFF-83D2-368B7D7C2488}.Debug|x64.ActiveCfg = Debug|x64
		{3BEFA882-9323-4CFF-83D2-368B7D7C2488}.Debug|x64.Build.0 = Debug|x64
		{3BEFA882-9323-4CFF-83D2-368B7D7C2488}.Release|Win32.ActiveCfg = Release|Win32
		{3BEFA882-9323-4CFF-83D2-368B7D7C2488}.Release|Win32.Build.0 = Release|Win32
		{3BEFA882-9323-4CFF-83D2-368B7D7C2488}.Release|x64.ActiveCfg = Release|x64
		{3BEFA882-9323-4CFF-83D2-368B7D7C2488}.Release|x64.Build.0 = Release|x64
		{23CF8697-38C5-4CEB-87BD-544EF8589619}.Debug|Win32.ActiveCfg = Debug|Win32
		{23CF8697-38C5-4CEB-87BD-544EF8589619}.Debug|Win32.Build.0 = Debug|Win32
		{23CF8697-38C5-4CEB-87BD-544EF8589619}.Debug|x64.ActiveCfg = Debug|x64
		{23CF8697-38C5-4CEB-87BD-544EF8589619}.Debug|x64.Build.0 = Debug|x64
		{23CF8697-38C5-4CEB-87BD-544EF8589619}.Release|Win32.ActiveCfg = Release|Win32
		{23CF8697-38C5-4CEB-87BD-544EF8589619}.Release|Win32.Build.0 = Release|Win32
		{23CF8697-38C5-4CEB-87BD-544EF8589619}.Release|x64.ActiveCfg = Release|x64
		{23CF8697-38C5-4CEB-87BD-544EF8589619}.Release|x64.Build.0 = Release|x64
		{7F854B13-37EA-4956-BAEE-9715AE9F4579}.Debug|Win32.ActiveCfg = Debug|Win32
		{7F854B13-37EA-4956-BAEE-9715AE9F4579}.Debug|Win32.Build.0 = Debug|Win32
		{7F854B13-37EA-4956-BAEE-9715AE9F4579}.Debug|x64.ActiveCfg = Debug|x64
		{7F854B13-37EA-4956-BAEE-9715AE9F4579}.Debug|x64.Build.0 = Debug|x64
		{7F854B13-37EA-4956-BAEE-9715AE9F4579}.Release|Win32.ActiveCfg = Release|Win32
		{7F854B13-37EA-4956-BAEE-9715AE9F4579}.Release|Win32.Build.0 = Release|Win32
		{7F854B13-37EA-4956-BAEE-9715AE9F4579}.Release|x64.ActiveCfg = Release|x64
		{7F854B13-37EA-4956-BAEE-9715AE9F4579}.Release|x64.Build.0 = Release|x64
		{8DE3A1E9-BCD9-429D-A81D-35B6F86AA0AA}.Debug|Win32.ActiveCfg = Debug|Win32
		{8DE3A1E9-BCD9-429D-A81D-35B6F86AA0AA}.Debug|Win32.Build.0 = Debug|Win32
		{8DE3A1E9-BCD9-429D-A81D-35B6F86AA0AA}.Debug|x64.ActiveCfg = Debug|x64
		{8DE3A1E9-BCD9-429D-A81D-35B6F86AA0AA}.Debug|x64.Build.0 = Debug|x64
		{8DE3A1E9-BCD9-429D-A81D-35B6F86AA0AA}.Release|Win32.ActiveCfg = Release|Win32
		{8DE3A1E9-BCD9-429D-A81D-35B6F86AA0AA}.Release|Win32.Build.0 = Release|Win32
		{8DE3A1E9-BCD9-429D-A81D-35B6F86AA0AA}.Release|x64.ActiveCfg = Release|x64
		{8DE3A1E9-BCD9-429D-A81D-35B6F86AA0AA}.Release|x64.Build.0 = Release|x64
		{196C0237-7C8A-4887-BD0F-52E6BBE1D61B}.Debug|Win32.ActiveCfg = Debug|Win32
		{196C0237-7C8A-4887-BD0F-52E6BBE1D61B}.Debug|Win32.Build.0 = Debug|Win32
		{196C0237-7C8A-4887-BD0F-52E6BBE1D61B}.Debug|x64.ActiveCfg = Debug|x64
		{196C0237-7C8A-4887-BD0F-52E6BBE1D61B}.Debug|x64.Build.0 = Debug|x64
		{196C0237-7C8A-4887-BD0F-52E6BBE1D61B}.Release|Win32.ActiveCfg = Release|Win32
		{196C0237-7C8A-4887-BD0F-52E6BBE1D61B}.Release|Win32.Build.0 = Release|Win32
		{196C0237-7C8A-4887-BD0F-52E6BBE1D61B}.Release|x64.ActiveCfg = Release|x64
		{196C0237-7C8A-4887-BD0F-52E6BBE1D61B}.Release|x64.Build.0 = Release|x64
		{1957D0AE-B386-4BF0-A8B9-42229922BA91}.Debug|Win32.ActiveCfg = Debug|Win32
		{1957D0AE-B386-4BF0-A8B9-42229922BA91}.Debug|Win32.Build.0 = Debug|Win32
		{1957D0AE-B386-4BF0-A8B9-42229922BA91}.Debug|x64.ActiveCfg = Debug|x64
		{1957D0AE-B386-4BF0-A8B9-42229922BA91}.Debug|x64.Build.0 = Debug|x64
		{1957D0AE-B386-4BF0-A8B9-42229922BA91}.Release|Win32.ActiveCfg = Release|Win32
		{1957D0AE-B386-4BF0-A8B9-42229922BA91}.Release|Win32.Build.0 = Release|Win32
		{1957D0AE-B386-4BF0-A8B9-42229922BA91}.Release|x64.ActiveCfg = Release|x64
		{1957D0AE-B386-4BF0-A8B9-42229922BA91}.Release|x64.Build.0 = Release|x64
		{7D81F099-33CC-4FF3-A465-3943CB3F70C6}.Debug|Win32.ActiveCfg = Debug|Win32
		{7D81F099-33CC-4FF3-A465-3943CB3F70C6}.Debug|Win32.Build.0 = Debug|Win32
		{7D81F099-33CC-4FF3-A465-3943CB3F70C6}.Debug|x64.ActiveCfg = Debug|x64
		{7D81F099-33CC-4FF3-A465-3943CB3F70C6}.Debug|x64.Build.0 = Debug|x64
		{7D81F099-33CC-4FF3-A465-3943CB3F70C6}.Release|Win32.ActiveCfg = Release|Win32
		{7D81F099-33CC-4FF3-A465-3943CB3F70C6}.Release|Win32.Build.0 = Release|Win32
		{7D81F099-33CC-4FF3-A465-3943CB3F70C6}.Release|x64.ActiveCfg = Release|x64
		{7D81F099-33CC-4FF3-A465-3943CB3F70C6}.Release|x64.Build.0 = Release|x64
		{99331043-10E4-4171-940E-D43E51B0401B}.Debug|Win32.ActiveCfg = Debug|Win32
		{99331043-10E4-4171-940E-D43E51B0401B}.Debug|Win32.Build.0 = Debug|Win32
		{99331043-10E4-4171-940E-D43E51B0401B}.Debug|x64.ActiveCfg = Debug|x64
		{99331043-10E4-4171-940E-D43E51B0401B}.Debug|x64.Build.0 = Debug|x64
		{99331043-10E4-4171-940E-D43E51B0401B}.Release|Win32.ActiveCfg = Release|Win32
		{99331043-10E4-4171-940E-D43E51B0401B}.Release|Win32.Build.0 = Release|Win32
		{99331043-10E4-4171-940E-D43E51B0401B}.Release|x64.ActiveCfg = Release|x64
		{99331043-10E4-4171-940E-D43E51B0401B}.Release|x64.Build.0 = Release|x64
		{DD92D185-5AE5-4E39-90C0-D9804E85768F}.Debug|Win32.ActiveCfg = Debug|Win32
		{DD92D185-5AE5-4E39-90C0-D9804E85768F}.Debug|Win32.Build.0 = Debug|Win32
		{DD92D185-5AE5-4E39-90C0-D9804E85768F}.Debug|x64.ActiveCfg = Debug|x64
		{DD92D185-5AE5-4E39-90C0-D9804E85768F}.Debug|x64.Build.0 = Debug|x64
		{DD92D185-5AE5-4E39-90C0-D9804E85768F}.Release|Win32.ActiveCfg = Release|Win32
		{DD92D185-5AE5-4E39-90C0-D9804E85768F}.Release|Win32.Build.0 = Release|Win32
		{DD92D185-5AE5-4E39-90C0-D9804E85768F}.Release|x64.ActiveCfg = Release|x64
		{DD92D185-5AE5-4E39-90C0-D9804E85768F}.Release|x64.Build.0 = Release|x64
		{EE41CC3A-FBC3-434E-B8E9-810D0287BC0D}.Debug|Win32.ActiveCfg = Debug|Win32
		{EE41CC3A-FBC3-434E-B8E9-810D0287BC0D}.Debug|Win32.Build.0 = Debug|Win32
		{EE41CC3A-FBC3-434E-B8E9-810D0287BC0D}.Debug|x64.ActiveCfg = Debug|x64
		{EE41CC3A-FBC3-434E-B8E9-810D0287BC0D}.Debug|x64.Build.0 = Debug|x64
		{EE41CC3A-FBC3-434E-B8E9-810D0287BC0D}.Release|Win32.ActiveCfg = Release|Win32
		{EE41CC3A-FBC3-434E-B8E9-810D0287BC0D}.Release|Win32.Build.0 = Release|Win32
		{EE41CC3A-FBC3-434E-B8E9-810D0287BC0D}.Release|x64.ActiveCfg = Release|x64
		{EE41CC3A-FBC3-434E-B8E9-810D0287BC0D}.Release|x64.Build.0 = Release|x64
		{FC2C1A39-F5E3-4791-B425-E74E5F296C4B}.Debug|Win32.ActiveCfg = Debug|Win32
		{FC2C1A39-F5E3-4791-B425-E74E5F296C4B}.Debug|Win32.Build.0 = Debug|Win32
		{FC2C1A39-F5E3-4791-B425-E74E5F296C4B}.Debug|x64.ActiveCfg = Debug|x64
		{FC2C1A39-F5E3-4791-B425-E74E5F296C4B}.Debug|x64.Build.0 = Debug|x64
		{FC2C1A39-F5E3-4791-B425-E74E5F296C4B}.Release|Win32.ActiveCfg = Release|Win32
		{FC2C1A39-F5E3-4791-B425-E74E5F296C4B}.Release|Win32.Build.0 = Release|Win32
		{FC2C1A39-F5E3-4791-B425-E74E5F296C4B}.Release|x64.ActiveCfg = Release|x64
		{FC2C1A39-F5E3-4791-B425-E74E5F296C4B}.Release|x64.Build.0 = Release|x64
		{D88692A8-F0A3-4B13-A35B-89D2DDA6A3FB}.Debug|Win32.ActiveCfg = Debug|Win32
		{D88692A8-F0A3-4B13-A35B-89D2DDA6A3FB}.Debug|Win32.Build.0 = Debug|Win32
		{D88692A8-F0A3-4B13-A35B-89D2DDA6A3FB}.Debug|x64.ActiveCfg = Debug|x64
		{D88692A8-F0A3-4B13-A35B-89D2DDA6A3FB}.Debug|x64.Build.0 = Debug|x64
		{D88692A8-F0A3-4B13-A35B-89D2DDA6A3FB}.Release|Win32.ActiveCfg = Release|Win32
		{D88692A8-F0A3-4B13-A35B-89D2DDA6A3FB}.Release|Win32.Build.0 = Release|Win32
		{D88692A8-F0A3-4B13-A35B-89D2DDA6A3FB}.Release|x64.ActiveCfg = Release|x64
		{D88692A8-F0A3-4B13-A35B-89D2DDA6A3FB}.Release|x64.Build.0 = Release|x64
		{CF3A5226-1264-4735-83AE-A65C349FC61E}.Debug|Win32.ActiveCfg = Debug|Win32
		{CF3A5226-1264-4735-83AE-A65C349FC61E}.Debug|Win32.Build.0 = Debug|Win32
		{CF3A5226-1264-4735-83AE-A65C349FC61E}.Debug|x64.ActiveCfg = Debug|x64
		{CF3A5226-1264-4735-83AE-A65C349FC61E}.Debug|x64.Build.0 = Debug|x64
		{CF3A5226-1264-4735-83AE-A65C349FC61E}.Release|Win32.ActiveCfg = Release|Win32
		{CF3A5226-1264-4735-83AE-A65C349FC61E}.Release|Win32.Build.0 = Release|Win32
		{CF3A5226-1264-4735-83AE-A65C349FC61E}.Release|x64.ActiveCfg = Release|x64
		{CF3A5226-1264-4735-83AE-A65C349FC61E}.Release|x64.Build.0 = Release|x64
		{DA88431F-AAD2-4A15-BBA0-8435A3DE8BE7}.Debug|Win32.ActiveCfg = Debug|Win32
		{DA88431F-AAD2-4A15-BBA0-8435A3DE8BE7}.Debug|Win32.Build.0 = Debug|Win32
		{DA88431F-AAD2-4A15-BBA0-8435A3DE8BE7}.Debug|x64.ActiveCfg = Debug|x64
		{DA88431F-AAD2-4A15-BBA0-8435A3DE8BE7}.Debug|x64.Build.0 = Debug|x64
		{DA88431F-AAD2-4A15-BBA0-8435A3DE8BE7}.Release|Win32.ActiveCfg = Release|Win32
		{DA88431F-AAD2-4A15-BBA0-8435A3DE8BE7}.Release|Win32.Build.0 = Release|Win32
		{DA88431F-AAD2-4A15-BBA0-8435A3DE8BE7}.Release|x64.ActiveCfg = Release|x64
		{DA88431F-AAD2-4A15-BBA0-8435A3DE8BE7}.Release|x64.Build.0 = Release|x64
	EndGlobalSection
	GlobalSection(SolutionProperties) = preSolution
		HideSolutionNode = FALSE
	EndGlobalSection
EndGlobal
