<?xml version="1.0" encoding="utf-8"?>
<Project ToolsVersion="4.0" xmlns="http://schemas.microsoft.com/developer/msbuild/2003">
  <Import Project="$(ProjectDir)..\..\build\vc.common\common.filters" />
  <ItemGroup>
    <ClCompile Include="src\pcre16_ord2utf16.c">
      <Filter>Source Files</Filter>
    </ClCompile>
    <ClCompile Include="src\pcre_byte_order.c">
      <Filter>Source Files</Filter>
    </ClCompile>
    <ClCompile Include="src\pcre_chartables.c">
      <Filter>Source Files</Filter>
    </ClCompile>
    <ClCompile Include="src\pcre_compile.c">
      <Filter>Source Files</Filter>
    </ClCompile>
    <ClCompile Include="src\pcre_config.c">
      <Filter>Source Files</Filter>
    </ClCompile>
    <ClCompile Include="src\pcre_dfa_exec.c">
      <Filter>Source Files</Filter>
    </ClCompile>
    <ClCompile Include="src\pcre_exec.c">
      <Filter>Source Files</Filter>
    </ClCompile>
    <ClCompile Include="src\pcre_fullinfo.c">
      <Filter>Source Files</Filter>
    </ClCompile>
    <ClCompile Include="src\pcre_get.c">
      <Filter>Source Files</Filter>
    </ClCompile>
    <ClCompile Include="src\pcre_globals.c">
      <Filter>Source Files</Filter>
    </ClCompile>
    <ClCompile Include="src\pcre_jit_compile.c">
      <Filter>Source Files</Filter>
    </ClCompile>
    <ClCompile Include="src\pcre_maketables.c">
      <Filter>Source Files</Filter>
    </ClCompile>
    <ClCompile Include="src\pcre_newline.c">
      <Filter>Source Files</Filter>
    </ClCompile>
    <ClCompile Include="src\pcre_printint.c">
      <Filter>Source Files</Filter>
    </ClCompile>
    <ClCompile Include="src\pcre_refcount.c">
      <Filter>Source Files</Filter>
    </ClCompile>
    <ClCompile Include="src\pcre_string_utils.c">
      <Filter>Source Files</Filter>
    </ClCompile>
    <ClCompile Include="src\pcre_study.c">
      <Filter>Source Files</Filter>
    </ClCompile>
    <ClCompile Include="src\pcre_tables.c">
      <Filter>Source Files</Filter>
    </ClCompile>
    <ClCompile Include="src\pcre_ucd.c">
      <Filter>Source Files</Filter>
    </ClCompile>
    <ClCompile Include="src\pcre_version.c">
      <Filter>Source Files</Filter>
    </ClCompile>
    <ClCompile Include="src\pcre_xclass.c">
      <Filter>Source Files</Filter>
    </ClCompile>
  </ItemGroup>
  <ItemGroup>
    <ClInclude Include="src\config.h">
      <Filter>Header Files</Filter>
    </ClInclude>
    <ClInclude Include="src\pcre.h">
      <Filter>Header Files</Filter>
    </ClInclude>
    <ClInclude Include="src\pcre_internal.h">
      <Filter>Header Files</Filter>
    </ClInclude>
    <ClInclude Include="src\ucp.h">
      <Filter>Header Files</Filter>
    </ClInclude>
  </ItemGroup>
</Project>