<?xml version="1.0" encoding="utf-8"?>
<Project ToolsVersion="4.0" xmlns="http://schemas.microsoft.com/developer/msbuild/2003">
  <ItemGroup>
    <Filter Include="Source Files">
      <UniqueIdentifier>{bc4414ca-bfab-4385-a016-6239272b67ab}</UniqueIdentifier>
      <Extensions>cpp;c;cxx;rc;def;r;odl;idl;hpj;bat</Extensions>
    </Filter>
    <Filter Include="Source Files\ModSetting Enuming">
      <UniqueIdentifier>{8ba4deb9-307a-4c99-9c87-2243a0ef802e}</UniqueIdentifier>
    </Filter>
    <Filter Include="Source Files\dialogs">
      <UniqueIdentifier>{b1b3b1b6-9fe0-435d-b8ab-1715cc5e7430}</UniqueIdentifier>
    </Filter>
    <Filter Include="Header Files">
      <UniqueIdentifier>{adcc58df-dacb-48fe-a36b-59f8221cb71e}</UniqueIdentifier>
      <Extensions>h;hpp;hxx;hm;inl</Extensions>
    </Filter>
    <Filter Include="Resource Files">
      <UniqueIdentifier>{fb09bf3d-d973-466d-b87b-0b785885753b}</UniqueIdentifier>
      <Extensions>ico;cur;bmp;dlg;rc2;rct;bin;rgs;gif;jpg;jpeg;jpe</Extensions>
    </Filter>
  </ItemGroup>
  <ItemGroup>
    <ClCompile Include="exportimport.cpp">
      <Filter>Source Files</Filter>
    </ClCompile>
    <ClCompile Include="icons.cpp">
      <Filter>Source Files</Filter>
    </ClCompile>
    <ClCompile Include="knownmodules.cpp">
      <Filter>Source Files</Filter>
    </ClCompile>
    <ClCompile Include="main.cpp">
      <Filter>Source Files</Filter>
    </ClCompile>
    <ClCompile Include="modules.cpp">
      <Filter>Source Files</Filter>
    </ClCompile>
    <ClCompile Include="modsettingenum.cpp">
      <Filter>Source Files\ModSetting Enuming</Filter>
    </ClCompile>
    <ClCompile Include="addeditsettingsdlg.cpp">
      <Filter>Source Files\dialogs</Filter>
    </ClCompile>
    <ClCompile Include="copymodule.cpp">
      <Filter>Source Files\dialogs</Filter>
    </ClCompile>
    <ClCompile Include="deletemodule.cpp">
      <Filter>Source Files\dialogs</Filter>
    </ClCompile>
    <ClCompile Include="findwindow.cpp">
      <Filter>Source Files\dialogs</Filter>
    </ClCompile>
    <ClCompile Include="main_window.cpp">
      <Filter>Source Files\dialogs</Filter>
    </ClCompile>
    <ClCompile Include="moduletree.cpp">
      <Filter>Source Files\dialogs</Filter>
    </ClCompile>
    <ClCompile Include="options.cpp">
      <Filter>Source Files\dialogs</Filter>
    </ClCompile>
    <ClCompile Include="settinglist.cpp">
      <Filter>Source Files\dialogs</Filter>
    </ClCompile>
    <ClCompile Include="watchedvars.cpp">
      <Filter>Source Files\dialogs</Filter>
    </ClCompile>
  </ItemGroup>
  <ItemGroup>
    <ClInclude Include="modsettingenum.h">
      <Filter>Source Files\ModSetting Enuming</Filter>
    </ClInclude>
    <ClInclude Include="headers.h">
      <Filter>Header Files</Filter>
    </ClInclude>
    <ClInclude Include="resource.h">
      <Filter>Header Files</Filter>
    </ClInclude>
    <ClInclude Include="Version.h">
      <Filter>Header Files</Filter>
    </ClInclude>
  </ItemGroup>
  <ItemGroup>
    <None Include="res\Contacts.ico">
      <Filter>Resource Files</Filter>
    </None>
    <None Include="dbeditorpp_readme.txt">
      <Filter>Resource Files</Filter>
    </None>
    <None Include="dbeditorpp_translation.txt">
      <Filter>Resource Files</Filter>
    </None>
    <None Include="res\Icon_1.ico">
      <Filter>Resource Files</Filter>
    </None>
    <None Include="res\Icon_14.ico">
      <Filter>Resource Files</Filter>
    </None>
    <None Include="res\Icon_15.ico">
      <Filter>Resource Files</Filter>
    </None>
    <None Include="res\Icon_16.ico">
      <Filter>Resource Files</Filter>
    </None>
    <None Include="res\Icon_17.ico">
      <Filter>Resource Files</Filter>
    </None>
    <None Include="res\Icon_18.ico">
      <Filter>Resource Files</Filter>
    </None>
    <None Include="res\Icon_4.ico">
      <Filter>Resource Files</Filter>
    </None>
    <None Include="res\offline2.ico">
      <Filter>Resource Files</Filter>
    </None>
    <None Include="res\online2.ico">
      <Filter>Resource Files</Filter>
    </None>
    <None Include="res\Red.ico">
      <Filter>Resource Files</Filter>
    </None>
    <None Include="res\Red_open.ico">
      <Filter>Resource Files</Filter>
    </None>
    <None Include="res\Yellow.ico">
      <Filter>Resource Files</Filter>
    </None>
    <None Include="res\Yellow_open.ico">
      <Filter>Resource Files</Filter>
    </None>
    <None Include="Res\unicode.ico">
      <Filter>Resource Files</Filter>
    </None>
  </ItemGroup>
  <ItemGroup>
    <ResourceCompile Include="resource.rc">
      <Filter>Resource Files</Filter>
    </ResourceCompile>
  </ItemGroup>
</Project>