
Microsoft Visual Studio Solution File, Format Version 11.00
# Visual Studio 2010
Project("{8BC9CEB8-8B4A-11D0-8D11-00A0C91BC942}") = "Dbx_tree", "dbx_tree_10.vcxproj", "{2D0BB338-FF3A-4FB5-A7A5-32B63967678C}"
EndProject
Project("{8BC9CEB8-8B4A-11D0-8D11-00A0C91BC942}") = "dbx_tree_ARC4", "encryption\ARC4.vcxproj", "{F60935E3-8F27-46E2-8598-013E7D4C90E7}"
EndProject
Project("{8BC9CEB8-8B4A-11D0-8D11-00A0C91BC942}") = "dbx_tree_Cast128", "encryption\Cast128.vcxproj", "{7E88D7F5-8B0A-4B79-84CD-D7982D4E0D4D}"
EndProject
Project("{8BC9CEB8-8B4A-11D0-8D11-00A0C91BC942}") = "dbx_tree_HC256", "encryption\HC256.vcxproj", "{541BE2B3-4320-47B8-AB64-C7F7ED0EFABA}"
EndProject
Global
	GlobalSection(SolutionConfigurationPlatforms) = preSolution
		Debug|Win32 = Debug|Win32
		Debug|x64 = Debug|x64
		Release|Win32 = Release|Win32
		Release|x64 = Release|x64
	EndGlobalSection
	GlobalSection(ProjectConfigurationPlatforms) = postSolution
		{2D0BB338-FF3A-4FB5-A7A5-32B63967678C}.Debug|Win32.ActiveCfg = Debug|Win32
		{2D0BB338-FF3A-4FB5-A7A5-32B63967678C}.Debug|Win32.Build.0 = Debug|Win32
		{2D0BB338-FF3A-4FB5-A7A5-32B63967678C}.Debug|x64.ActiveCfg = Debug|x64
		{2D0BB338-FF3A-4FB5-A7A5-32B63967678C}.Debug|x64.Build.0 = Debug|x64
		{2D0BB338-FF3A-4FB5-A7A5-32B63967678C}.Release|Win32.ActiveCfg = Release|Win32
		{2D0BB338-FF3A-4FB5-A7A5-32B63967678C}.Release|Win32.Build.0 = Release|Win32
		{2D0BB338-FF3A-4FB5-A7A5-32B63967678C}.Release|x64.ActiveCfg = Release|x64
		{2D0BB338-FF3A-4FB5-A7A5-32B63967678C}.Release|x64.Build.0 = Release|x64
		{F60935E3-8F27-46E2-8598-013E7D4C90E7}.Debug|Win32.ActiveCfg = Debug|Win32
		{F60935E3-8F27-46E2-8598-013E7D4C90E7}.Debug|Win32.Build.0 = Debug|Win32
		{F60935E3-8F27-46E2-8598-013E7D4C90E7}.Debug|x64.ActiveCfg = Debug|x64
		{F60935E3-8F27-46E2-8598-013E7D4C90E7}.Debug|x64.Build.0 = Debug|x64
		{F60935E3-8F27-46E2-8598-013E7D4C90E7}.Release|Win32.ActiveCfg = Release|Win32
		{F60935E3-8F27-46E2-8598-013E7D4C90E7}.Release|Win32.Build.0 = Release|Win32
		{F60935E3-8F27-46E2-8598-013E7D4C90E7}.Release|x64.ActiveCfg = Release|x64
		{F60935E3-8F27-46E2-8598-013E7D4C90E7}.Release|x64.Build.0 = Release|x64
		{7E88D7F5-8B0A-4B79-84CD-D7982D4E0D4D}.Debug|Win32.ActiveCfg = Debug|Win32
		{7E88D7F5-8B0A-4B79-84CD-D7982D4E0D4D}.Debug|Win32.Build.0 = Debug|Win32
		{7E88D7F5-8B0A-4B79-84CD-D7982D4E0D4D}.Debug|x64.ActiveCfg = Debug|x64
		{7E88D7F5-8B0A-4B79-84CD-D7982D4E0D4D}.Debug|x64.Build.0 = Debug|x64
		{7E88D7F5-8B0A-4B79-84CD-D7982D4E0D4D}.Release|Win32.ActiveCfg = Release|Win32
		{7E88D7F5-8B0A-4B79-84CD-D7982D4E0D4D}.Release|Win32.Build.0 = Release|Win32
		{7E88D7F5-8B0A-4B79-84CD-D7982D4E0D4D}.Release|x64.ActiveCfg = Release|x64
		{7E88D7F5-8B0A-4B79-84CD-D7982D4E0D4D}.Release|x64.Build.0 = Release|x64
		{541BE2B3-4320-47B8-AB64-C7F7ED0EFABA}.Debug|Win32.ActiveCfg = Debug|Win32
		{541BE2B3-4320-47B8-AB64-C7F7ED0EFABA}.Debug|Win32.Build.0 = Debug|Win32
		{541BE2B3-4320-47B8-AB64-C7F7ED0EFABA}.Debug|x64.ActiveCfg = Debug|x64
		{541BE2B3-4320-47B8-AB64-C7F7ED0EFABA}.Debug|x64.Build.0 = Debug|x64
		{541BE2B3-4320-47B8-AB64-C7F7ED0EFABA}.Release|Win32.ActiveCfg = Release|Win32
		{541BE2B3-4320-47B8-AB64-C7F7ED0EFABA}.Release|Win32.Build.0 = Release|Win32
		{541BE2B3-4320-47B8-AB64-C7F7ED0EFABA}.Release|x64.ActiveCfg = Release|x64
		{541BE2B3-4320-47B8-AB64-C7F7ED0EFABA}.Release|x64.Build.0 = Release|x64
	EndGlobalSection
	GlobalSection(SolutionProperties) = preSolution
		HideSolutionNode = FALSE
	EndGlobalSection
EndGlobal
