<?xml version="1.0" encoding="utf-8"?>
<Project ToolsVersion="4.0" xmlns="http://schemas.microsoft.com/developer/msbuild/2003">
  <ItemGroup>
    <Filter Include="Source Files">
      <UniqueIdentifier>{4ca8c0fe-01e6-45f1-9621-3dd1395c7712}</UniqueIdentifier>
      <Extensions>cpp;c;cxx;rc;def;r;odl;idl;hpj;bat</Extensions>
    </Filter>
    <Filter Include="Header Files">
      <UniqueIdentifier>{6250abc3-0ee9-43c9-a5db-62cefebbc60a}</UniqueIdentifier>
      <Extensions>h;hpp;hxx;hm;inl</Extensions>
    </Filter>
    <Filter Include="Resource Files">
      <UniqueIdentifier>{160168fd-2f10-425e-bd83-f37565fffc2c}</UniqueIdentifier>
      <Extensions>ico;cur;bmp;dlg;rc2;rct;bin;rgs;gif;jpg;jpeg;jpe</Extensions>
    </Filter>
    <Filter Include="Source Files\CLUIFrames">
      <UniqueIdentifier>{826d2dcb-6f27-428e-a2bf-4825dc88ce32}</UniqueIdentifier>
    </Filter>
  </ItemGroup>
  <ItemGroup>
    <ClCompile Include="src\init.cpp">
      <Filter>Source Files</Filter>
    </ClCompile>
    <ClCompile Include="src\modern_aniavatars.cpp">
      <Filter>Source Files</Filter>
    </ClCompile>
    <ClCompile Include="src\modern_awaymsg.cpp">
      <Filter>Source Files</Filter>
    </ClCompile>
    <ClCompile Include="src\modern_cachefuncs.cpp">
      <Filter>Source Files</Filter>
    </ClCompile>
    <ClCompile Include="src\modern_clc.cpp">
      <Filter>Source Files</Filter>
    </ClCompile>
    <ClCompile Include="src\modern_clcidents.cpp">
      <Filter>Source Files</Filter>
    </ClCompile>
    <ClCompile Include="src\modern_clcitems.cpp">
      <Filter>Source Files</Filter>
    </ClCompile>
    <ClCompile Include="src\modern_clcmsgs.cpp">
      <Filter>Source Files</Filter>
    </ClCompile>
    <ClCompile Include="src\modern_clcopts.cpp">
      <Filter>Source Files</Filter>
    </ClCompile>
    <ClCompile Include="src\modern_clcpaint.cpp">
      <Filter>Source Files</Filter>
    </ClCompile>
    <ClCompile Include="src\modern_clcutils.cpp">
      <Filter>Source Files</Filter>
    </ClCompile>
    <ClCompile Include="src\modern_clistevents.cpp">
      <Filter>Source Files</Filter>
    </ClCompile>
    <ClCompile Include="src\modern_clistmenus.cpp">
      <Filter>Source Files</Filter>
    </ClCompile>
    <ClCompile Include="src\modern_clistmod.cpp">
      <Filter>Source Files</Filter>
    </ClCompile>
    <ClCompile Include="src\modern_clistopts.cpp">
      <Filter>Source Files</Filter>
    </ClCompile>
    <ClCompile Include="src\modern_clistsettings.cpp">
      <Filter>Source Files</Filter>
    </ClCompile>
    <ClCompile Include="src\modern_clisttray.cpp">
      <Filter>Source Files</Filter>
    </ClCompile>
    <ClCompile Include="src\modern_clui.cpp">
      <Filter>Source Files</Filter>
    </ClCompile>
    <ClCompile Include="src\modern_cluiservices.cpp">
      <Filter>Source Files</Filter>
    </ClCompile>
    <ClCompile Include="src\modern_commonheaders.cpp">
      <Filter>Source Files</Filter>
    </ClCompile>
    <ClCompile Include="src\modern_contact.cpp">
      <Filter>Source Files</Filter>
    </ClCompile>
    <ClCompile Include="src\modern_docking.cpp">
      <Filter>Source Files</Filter>
    </ClCompile>
    <ClCompile Include="src\modern_gdiplus.cpp">
      <Filter>Source Files</Filter>
    </ClCompile>
    <ClCompile Include="src\modern_gettextasync.cpp">
      <Filter>Source Files</Filter>
    </ClCompile>
    <ClCompile Include="src\modern_global.cpp">
      <Filter>Source Files</Filter>
    </ClCompile>
    <ClCompile Include="src\modern_image_array.cpp">
      <Filter>Source Files</Filter>
    </ClCompile>
    <ClCompile Include="src\modern_keyboard.cpp">
      <Filter>Source Files</Filter>
    </ClCompile>
    <ClCompile Include="src\modern_log.cpp">
      <Filter>Source Files</Filter>
    </ClCompile>
    <ClCompile Include="src\modern_newrowopts.cpp">
      <Filter>Source Files</Filter>
    </ClCompile>
    <ClCompile Include="src\modern_row.cpp">
      <Filter>Source Files</Filter>
    </ClCompile>
    <ClCompile Include="src\modern_rowheight_funcs.cpp">
      <Filter>Source Files</Filter>
    </ClCompile>
    <ClCompile Include="src\modern_rowtemplateopt.cpp">
      <Filter>Source Files</Filter>
    </ClCompile>
    <ClCompile Include="src\modern_skinbutton.cpp">
      <Filter>Source Files</Filter>
    </ClCompile>
    <ClCompile Include="src\modern_skinengine.cpp">
      <Filter>Source Files</Filter>
    </ClCompile>
    <ClCompile Include="src\modern_skinopt.cpp">
      <Filter>Source Files</Filter>
    </ClCompile>
    <ClCompile Include="src\modern_skinselector.cpp">
      <Filter>Source Files</Filter>
    </ClCompile>
    <ClCompile Include="src\modern_statusbar.cpp">
      <Filter>Source Files</Filter>
    </ClCompile>
    <ClCompile Include="src\modern_statusbar_options.cpp">
      <Filter>Source Files</Filter>
    </ClCompile>
    <ClCompile Include="src\modern_sync.cpp">
      <Filter>Source Files</Filter>
    </ClCompile>
    <ClCompile Include="src\modern_tbbutton.cpp">
      <Filter>Source Files</Filter>
    </ClCompile>
    <ClCompile Include="src\modern_toolbar.cpp">
      <Filter>Source Files</Filter>
    </ClCompile>
    <ClCompile Include="src\modern_viewmodebar.cpp">
      <Filter>Source Files</Filter>
    </ClCompile>
    <ClCompile Include="src\modern_xptheme.cpp">
      <Filter>Source Files</Filter>
    </ClCompile>
    <ClCompile Include="src\modern_utils.cpp">
      <Filter>Source Files</Filter>
    </ClCompile>
    <ClCompile Include="src\CLUIFrames\cluiframes.cpp">
      <Filter>Source Files\CLUIFrames</Filter>
    </ClCompile>
    <ClCompile Include="src\CLUIFrames\framesmenu.cpp">
      <Filter>Source Files\CLUIFrames</Filter>
    </ClCompile>
    <ClCompile Include="src\CLUIFrames\groupmenu.cpp">
      <Filter>Source Files\CLUIFrames</Filter>
    </ClCompile>
  </ItemGroup>
  <ItemGroup>
    <ClInclude Include="src\hdr\modern_commonheaders.h">
      <Filter>Header Files</Filter>
    </ClInclude>
    <ClInclude Include="src\hdr\modern_skinselector.h">
      <Filter>Header Files</Filter>
    </ClInclude>
    <ClInclude Include="src\hdr\modern_awaymsg.h">
      <Filter>Header Files</Filter>
    </ClInclude>
    <ClInclude Include="src\hdr\modern_gettextasync.h">
      <Filter>Header Files</Filter>
    </ClInclude>
    <ClInclude Include="src\hdr\modern_global_structure.h">
      <Filter>Header Files</Filter>
    </ClInclude>
    <ClInclude Include="src\hdr\modern_cache_funcs.h">
      <Filter>Header Files</Filter>
    </ClInclude>
    <ClInclude Include="src\hdr\modern_callproc.h">
      <Filter>Header Files</Filter>
    </ClInclude>
    <ClInclude Include="src\hdr\modern_clc.h">
      <Filter>Header Files</Filter>
    </ClInclude>
    <ClInclude Include="src\hdr\modern_clcpaint.h">
      <Filter>Header Files</Filter>
    </ClInclude>
    <ClInclude Include="src\hdr\modern_clist.h">
      <Filter>Header Files</Filter>
    </ClInclude>
    <ClInclude Include="src\hdr\modern_clui.h">
      <Filter>Header Files</Filter>
    </ClInclude>
    <ClInclude Include="src\hdr\modern_commonprototypes.h">
      <Filter>Header Files</Filter>
    </ClInclude>
    <ClInclude Include="src\hdr\modern_defsettings.h">
      <Filter>Header Files</Filter>
    </ClInclude>
    <ClInclude Include="src\hdr\modern_effectenum.h">
      <Filter>Header Files</Filter>
    </ClInclude>
    <ClInclude Include="src\hdr\modern_image_array.h">
      <Filter>Header Files</Filter>
    </ClInclude>
    <ClInclude Include="src\hdr\modern_layered_window_engine.h">
      <Filter>Header Files</Filter>
    </ClInclude>
    <ClInclude Include="src\hdr\modern_log.h">
      <Filter>Header Files</Filter>
    </ClInclude>
    <ClInclude Include="src\hdr\modern_row.h">
      <Filter>Header Files</Filter>
    </ClInclude>
    <ClInclude Include="src\hdr\modern_rowheight_funcs.h">
      <Filter>Header Files</Filter>
    </ClInclude>
    <ClInclude Include="src\hdr\modern_skinengine.h">
      <Filter>Header Files</Filter>
    </ClInclude>
    <ClInclude Include="src\hdr\modern_skinned_profile.h">
      <Filter>Header Files</Filter>
    </ClInclude>
    <ClInclude Include="src\hdr\modern_static_clui.h">
      <Filter>Header Files</Filter>
    </ClInclude>
    <ClInclude Include="src\hdr\modern_static_cluiframes_service.h">
      <Filter>Header Files</Filter>
    </ClInclude>
    <ClInclude Include="src\hdr\modern_statusbar.h">
      <Filter>Header Files</Filter>
    </ClInclude>
    <ClInclude Include="src\hdr\modern_sync.h">
      <Filter>Header Files</Filter>
    </ClInclude>
    <ClInclude Include="src\hdr\modern_tstring.h">
      <Filter>Header Files</Filter>
    </ClInclude>
    <ClInclude Include="src\resource.h">
      <Filter>Header Files</Filter>
    </ClInclude>
    <ClInclude Include="src\Version.h">
      <Filter>Header Files</Filter>
    </ClInclude>
    <ClInclude Include="src\CLUIFrames\cluiframes.h">
      <Filter>Source Files\CLUIFrames</Filter>
    </ClInclude>
  </ItemGroup>
  <ItemGroup>
    <ResourceCompile Include="res\version.rc">
      <Filter>Resource Files</Filter>
    </ResourceCompile>
    <ResourceCompile Include="res\resource.rc">
      <Filter>Resource Files</Filter>
    </ResourceCompile>
  </ItemGroup>
  <ItemGroup>
    <Image Include="res\Back.tga">
      <Filter>Resource Files</Filter>
    </Image>
  </ItemGroup>
  <ItemGroup>
    <None Include="res\skin.msf">
      <Filter>Resource Files</Filter>
    </None>
  </ItemGroup>
</Project>