
Microsoft Visual Studio Solution File, Format Version 9.00
# Visual Studio 2005
Project("{8BC9CEB8-8B4A-11D0-8D11-00A0C91BC942}") = "PopUpPlus", "PopUp_8.vcproj", "{726460C7-E1F1-4C37-B64F-DA8A8DD26D70}"
EndProject
Global
	GlobalSection(SolutionConfigurationPlatforms) = preSolution
		Debug 2in1|Win32 = Debug 2in1|Win32
		Debug Unicode|Win32 = Debug Unicode|Win32
		Release 2in1|Win32 = Release 2in1|Win32
		Release Unicode|Win32 = Release Unicode|Win32
	EndGlobalSection
	GlobalSection(ProjectConfigurationPlatforms) = postSolution
		{726460C7-E1F1-4C37-B64F-DA8A8DD26D70}.Debug 2in1|Win32.ActiveCfg = Debug 2in1|Win32
		{726460C7-E1F1-4C37-B64F-DA8A8DD26D70}.Debug 2in1|Win32.Build.0 = Debug 2in1|Win32
		{726460C7-E1F1-4C37-B64F-DA8A8DD26D70}.Debug Unicode|Win32.ActiveCfg = Debug Unicode|Win32
		{726460C7-E1F1-4C37-B64F-DA8A8DD26D70}.Release 2in1|Win32.ActiveCfg = Release 2in1|Win32
		{726460C7-E1F1-4C37-B64F-DA8A8DD26D70}.Release 2in1|Win32.Build.0 = Release 2in1|Win32
		{726460C7-E1F1-4C37-B64F-DA8A8DD26D70}.Release Unicode|Win32.ActiveCfg = Release Unicode|Win32
	EndGlobalSection
	GlobalSection(SolutionProperties) = preSolution
		HideSolutionNode = FALSE
	EndGlobalSection
EndGlobal
