<?xml version="1.0" encoding="utf-8"?>
<Project ToolsVersion="4.0" xmlns="http://schemas.microsoft.com/developer/msbuild/2003">
  <ItemGroup>
    <Filter Include="Source Files">
      <UniqueIdentifier>{35b6f000-20be-4374-80ac-ef014491da37}</UniqueIdentifier>
      <Extensions>cpp;c;cxx;rc;def;r;odl;idl;hpj;bat</Extensions>
    </Filter>
    <Filter Include="Header Files">
      <UniqueIdentifier>{5346fa89-8f64-42c1-b092-bdef02993350}</UniqueIdentifier>
      <Extensions>h;hpp;hxx;hm;inl</Extensions>
    </Filter>
    <Filter Include="Resource Files">
      <UniqueIdentifier>{ef4f9a55-8453-4e3b-b3e9-3c47e94521f4}</UniqueIdentifier>
      <Extensions>ico;cur;bmp;dlg;rc2;rct;bin;rgs;gif;jpg;jpeg;jpe</Extensions>
    </Filter>
    <Filter Include="Documentation">
      <UniqueIdentifier>{09b9b05f-43bd-4243-a6ae-4dc3f5523f99}</UniqueIdentifier>
      <Extensions>.txt</Extensions>
    </Filter>
  </ItemGroup>
  <ItemGroup>
    <ClCompile Include="clist.cpp">
      <Filter>Source Files</Filter>
    </ClCompile>
    <ClCompile Include="commandmonitor.cpp">
      <Filter>Source Files</Filter>
    </ClCompile>
    <ClCompile Include="input.cpp">
      <Filter>Source Files</Filter>
    </ClCompile>
    <ClCompile Include="irclib.cpp">
      <Filter>Source Files</Filter>
    </ClCompile>
    <ClCompile Include="ircproto.cpp">
      <Filter>Source Files</Filter>
    </ClCompile>
    <ClCompile Include="main.cpp">
      <Filter>Source Files</Filter>
    </ClCompile>
    <ClCompile Include="MString.cpp">
      <Filter>Source Files</Filter>
    </ClCompile>
    <ClCompile Include="options.cpp">
      <Filter>Source Files</Filter>
    </ClCompile>
    <ClCompile Include="output.cpp">
      <Filter>Source Files</Filter>
    </ClCompile>
    <ClCompile Include="scripting.cpp">
      <Filter>Source Files</Filter>
    </ClCompile>
    <ClCompile Include="services.cpp">
      <Filter>Source Files</Filter>
    </ClCompile>
    <ClCompile Include="tools.cpp">
      <Filter>Source Files</Filter>
    </ClCompile>
    <ClCompile Include="ui_utils.cpp">
      <Filter>Source Files</Filter>
    </ClCompile>
    <ClCompile Include="userinfo.cpp">
      <Filter>Source Files</Filter>
    </ClCompile>
    <ClCompile Include="windows.cpp">
      <Filter>Source Files</Filter>
    </ClCompile>
  </ItemGroup>
  <ItemGroup>
    <ClInclude Include="commandmonitor.h">
      <Filter>Header Files</Filter>
    </ClInclude>
    <ClInclude Include="irc.h">
      <Filter>Header Files</Filter>
    </ClInclude>
    <ClInclude Include="irc_dlg.h">
      <Filter>Header Files</Filter>
    </ClInclude>
    <ClInclude Include="irclib.h">
      <Filter>Header Files</Filter>
    </ClInclude>
    <ClInclude Include="m_ircscript.h">
      <Filter>Header Files</Filter>
    </ClInclude>
    <ClInclude Include="MString.h">
      <Filter>Header Files</Filter>
    </ClInclude>
    <ClInclude Include="resource.h">
      <Filter>Header Files</Filter>
    </ClInclude>
    <ClInclude Include="ui_utils.h">
      <Filter>Header Files</Filter>
    </ClInclude>
  </ItemGroup>
  <ItemGroup>
    <None Include="Icons\add.ico">
      <Filter>Resource Files</Filter>
    </None>
    <None Include="Icons\apply.ico">
      <Filter>Resource Files</Filter>
    </None>
    <None Include="Icons\block.ico">
      <Filter>Resource Files</Filter>
    </None>
    <None Include="Icons\dcc.ico">
      <Filter>Resource Files</Filter>
    </None>
    <None Include="Icons\delete.ico">
      <Filter>Resource Files</Filter>
    </None>
    <None Include="Icons\edit.ico">
      <Filter>Resource Files</Filter>
    </None>
    <None Include="Icons\irc.ico">
      <Filter>Resource Files</Filter>
    </None>
    <None Include="Icons\Icons\irc.ico">
      <Filter>Resource Files</Filter>
    </None>
    <None Include="Icons\list.ico">
      <Filter>Resource Files</Filter>
    </None>
    <None Include="Icons\manager.ico">
      <Filter>Resource Files</Filter>
    </None>
    <None Include="Icons\question.ico">
      <Filter>Resource Files</Filter>
    </None>
    <None Include="Icons\quick.ico">
      <Filter>Resource Files</Filter>
    </None>
    <None Include="Icons\rename.ico">
      <Filter>Resource Files</Filter>
    </None>
    <None Include="Icons\server.ico">
      <Filter>Resource Files</Filter>
    </None>
    <None Include="Icons\show.ico">
      <Filter>Resource Files</Filter>
    </None>
    <None Include="Icons\whois.ico">
      <Filter>Resource Files</Filter>
    </None>
    <None Include="Icons\world.ico">
      <Filter>Resource Files</Filter>
    </None>
    <None Include="Docs\IRC_license.txt">
      <Filter>Documentation</Filter>
    </None>
    <None Include="Docs\IRC_Readme.txt">
      <Filter>Documentation</Filter>
    </None>
    <None Include="Docs\IRC_servers.ini">
      <Filter>Documentation</Filter>
    </None>
    <None Include="Docs\IRC_Translate.txt">
      <Filter>Documentation</Filter>
    </None>
  </ItemGroup>
  <ItemGroup>
    <ResourceCompile Include="IRC.rc">
      <Filter>Resource Files</Filter>
    </ResourceCompile>
  </ItemGroup>
</Project>